
Microsoft Visual Studio Solution File, Format Version 11.00
# Visual Studio 2010
MinimumVisualStudioVersion = 10.0.40219.1
Project("{8BC9CEB8-8B4A-11D0-8D11-00A0C91BC942}") = "DuiLib", "DuiLib\DuiLib.vcxproj", "{E106ACD7-4E53-4AEE-942B-D0DD426DB34E}"
EndProject
Project("{2150E333-8FDC-42A3-9474-1A3956D46DE8}") = "Demos", "Demos", "{D01B5755-53F2-4929-B69C-75C99D151E6F}"
EndProject
Project("{8BC9CEB8-8B4A-11D0-8D11-00A0C91BC942}") = "BDWallPaper", "Demos\bdwallpaper\BDWallPaper.vcxproj", "{565089A1-60C0-4281-99D7-A459E7354EEF}"
EndProject
Project("{8BC9CEB8-8B4A-11D0-8D11-00A0C91BC942}") = "GameBox", "Demos\gamebox\GameBox.vcxproj", "{3EF9795D-3509-4664-8E73-8D315CC0B944}"
EndProject
Project("{8BC9CEB8-8B4A-11D0-8D11-00A0C91BC942}") = "transwnd", "Demos\transwnd\transwnd.vcxproj", "{2C0EADA2-111E-4D58-B171-B1C896D7A0DE}"
EndProject
Project("{8BC9CEB8-8B4A-11D0-8D11-00A0C91BC942}") = "XLGameBox", "Demos\xlgamebox\XLGameBox.vcxproj", "{0278E09B-92AA-4C18-ACB5-EEDF958395B1}"
EndProject
Project("{8BC9CEB8-8B4A-11D0-8D11-00A0C91BC942}") = "ADMonSetup", "Demos\ADMonSetup\ADMonSetup.vcxproj", "{46E0954B-D9BE-48D6-8573-10B4F41E0171}"
	ProjectSection(ProjectDependencies) = postProject
		{E106ACD7-4E53-4AEE-942B-D0DD426DB34E} = {E106ACD7-4E53-4AEE-942B-D0DD426DB34E}
	EndProjectSection
EndProject
Project("{8BC9CEB8-8B4A-11D0-8D11-00A0C91BC942}") = "AnimationWindow", "Demos\animationWindow\Desktop.vcxproj", "{56926B91-317D-4797-BB17-9A5558291743}"
EndProject
Project("{8BC9CEB8-8B4A-11D0-8D11-00A0C91BC942}") = "UIFeatureEffect", "Demos\animationWindow\UiFeatureEffect\UIFeatureEffect.vcxproj", "{F641AB85-61BE-46D7-9656-5E930D1167E4}"
EndProject
Project("{2150E333-8FDC-42A3-9474-1A3956D46DE8}") = "动画演示", "动画演示", "{344C05EC-6946-4E0E-AB3D-830FA2BC67EB}"
EndProject
Project("{2150E333-8FDC-42A3-9474-1A3956D46DE8}") = "Help", "Help", "{7BD7470A-9CDF-421B-B832-8D07D3F939A6}"
	ProjectSection(SolutionItems) = preProject
		Help\directui license.txt = Help\directui license.txt
		Help\duilib license.txt = Help\duilib license.txt
		Help\duilib_ultimate license.txt = Help\duilib_ultimate license.txt
		Help\属性列表.xml = Help\属性列表.xml
		Help\感谢.txt = Help\感谢.txt
		Help\版权说明.txt = Help\版权说明.txt
	EndProjectSection
EndProject
Project("{8BC9CEB8-8B4A-11D0-8D11-00A0C91BC942}") = "HiDPITest", "Demos\HiDPITest\HiDPITest.vcxproj", "{79D7FD72-256A-4C8A-A81D-E301B3C37B2C}"
EndProject
Project("{8BC9CEB8-8B4A-11D0-8D11-00A0C91BC942}") = "TroyBrowser", "Demos\TroyBrowser\TroyBrowser.vcxproj", "{54393194-0DDC-47E9-96E9-0D3D87466403}"
EndProject
Project("{8BC9CEB8-8B4A-11D0-8D11-00A0C91BC942}") = "WkeBrowser", "Demos\WkeBrowser\WkeBrowser.vcxproj", "{71A9D549-71E3-463C-979E-3A5F1B76614C}"
EndProject
Project("{8BC9CEB8-8B4A-11D0-8D11-00A0C91BC942}") = "duidemo", "Demos\duidemo\duidemo.vcxproj", "{54019823-E923-44D0-AD60-8EB636D107DC}"
EndProject
Global
	GlobalSection(SolutionConfigurationPlatforms) = preSolution
		Debug|Win32 = Debug|Win32
		Debug|x64 = Debug|x64
		DebugA|Win32 = DebugA|Win32
		DebugA|x64 = DebugA|x64
		Release|Win32 = Release|Win32
		Release|x64 = Release|x64
		ReleaseA|Win32 = ReleaseA|Win32
		ReleaseA|x64 = ReleaseA|x64
		SDebug|Win32 = SDebug|Win32
		SDebug|x64 = SDebug|x64
		SDebugA|Win32 = SDebugA|Win32
		SDebugA|x64 = SDebugA|x64
		SRelease|Win32 = SRelease|Win32
		SRelease|x64 = SRelease|x64
		SReleaseA|Win32 = SReleaseA|Win32
		SReleaseA|x64 = SReleaseA|x64
	EndGlobalSection
	GlobalSection(ProjectConfigurationPlatforms) = postSolution
		{E106ACD7-4E53-4AEE-942B-D0DD426DB34E}.Debug|Win32.ActiveCfg = Debug|Win32
		{E106ACD7-4E53-4AEE-942B-D0DD426DB34E}.Debug|Win32.Build.0 = Debug|Win32
		{E106ACD7-4E53-4AEE-942B-D0DD426DB34E}.Debug|x64.ActiveCfg = Debug|x64
		{E106ACD7-4E53-4AEE-942B-D0DD426DB34E}.Debug|x64.Build.0 = Debug|x64
		{E106ACD7-4E53-4AEE-942B-D0DD426DB34E}.DebugA|Win32.ActiveCfg = DebugA|Win32
		{E106ACD7-4E53-4AEE-942B-D0DD426DB34E}.DebugA|Win32.Build.0 = DebugA|Win32
		{E106ACD7-4E53-4AEE-942B-D0DD426DB34E}.DebugA|x64.ActiveCfg = DebugA|x64
		{E106ACD7-4E53-4AEE-942B-D0DD426DB34E}.Release|Win32.ActiveCfg = Release|Win32
		{E106ACD7-4E53-4AEE-942B-D0DD426DB34E}.Release|Win32.Build.0 = Release|Win32
		{E106ACD7-4E53-4AEE-942B-D0DD426DB34E}.Release|x64.ActiveCfg = Release|x64
		{E106ACD7-4E53-4AEE-942B-D0DD426DB34E}.Release|x64.Build.0 = Release|x64
		{E106ACD7-4E53-4AEE-942B-D0DD426DB34E}.ReleaseA|Win32.ActiveCfg = ReleaseA|Win32
		{E106ACD7-4E53-4AEE-942B-D0DD426DB34E}.ReleaseA|Win32.Build.0 = ReleaseA|Win32
		{E106ACD7-4E53-4AEE-942B-D0DD426DB34E}.ReleaseA|x64.ActiveCfg = ReleaseA|Win32
		{E106ACD7-4E53-4AEE-942B-D0DD426DB34E}.SDebug|Win32.ActiveCfg = SDebug|Win32
		{E106ACD7-4E53-4AEE-942B-D0DD426DB34E}.SDebug|Win32.Build.0 = SDebug|Win32
		{E106ACD7-4E53-4AEE-942B-D0DD426DB34E}.SDebug|x64.ActiveCfg = SDebug|x64
		{E106ACD7-4E53-4AEE-942B-D0DD426DB34E}.SDebugA|Win32.ActiveCfg = SDebugA|Win32
		{E106ACD7-4E53-4AEE-942B-D0DD426DB34E}.SDebugA|Win32.Build.0 = SDebugA|Win32
		{E106ACD7-4E53-4AEE-942B-D0DD426DB34E}.SDebugA|x64.ActiveCfg = SDebugA|Win32
		{E106ACD7-4E53-4AEE-942B-D0DD426DB34E}.SRelease|Win32.ActiveCfg = SRelease|Win32
		{E106ACD7-4E53-4AEE-942B-D0DD426DB34E}.SRelease|Win32.Build.0 = SRelease|Win32
		{E106ACD7-4E53-4AEE-942B-D0DD426DB34E}.SRelease|x64.ActiveCfg = SRelease|x64
		{E106ACD7-4E53-4AEE-942B-D0DD426DB34E}.SRelease|x64.Build.0 = SRelease|x64
		{E106ACD7-4E53-4AEE-942B-D0DD426DB34E}.SReleaseA|Win32.ActiveCfg = SReleaseA|Win32
		{E106ACD7-4E53-4AEE-942B-D0DD426DB34E}.SReleaseA|Win32.Build.0 = SReleaseA|Win32
		{E106ACD7-4E53-4AEE-942B-D0DD426DB34E}.SReleaseA|x64.ActiveCfg = SReleaseA|Win32
		{565089A1-60C0-4281-99D7-A459E7354EEF}.Debug|Win32.ActiveCfg = Debug|Win32
		{565089A1-60C0-4281-99D7-A459E7354EEF}.Debug|Win32.Build.0 = Debug|Win32
		{565089A1-60C0-4281-99D7-A459E7354EEF}.Debug|x64.ActiveCfg = Debug|Win32
		{565089A1-60C0-4281-99D7-A459E7354EEF}.DebugA|Win32.ActiveCfg = DebugA|Win32
		{565089A1-60C0-4281-99D7-A459E7354EEF}.DebugA|Win32.Build.0 = DebugA|Win32
		{565089A1-60C0-4281-99D7-A459E7354EEF}.DebugA|x64.ActiveCfg = DebugA|Win32
		{565089A1-60C0-4281-99D7-A459E7354EEF}.Release|Win32.ActiveCfg = Release|Win32
		{565089A1-60C0-4281-99D7-A459E7354EEF}.Release|Win32.Build.0 = Release|Win32
		{565089A1-60C0-4281-99D7-A459E7354EEF}.Release|x64.ActiveCfg = Release|Win32
		{565089A1-60C0-4281-99D7-A459E7354EEF}.ReleaseA|Win32.ActiveCfg = ReleaseA|Win32
		{565089A1-60C0-4281-99D7-A459E7354EEF}.ReleaseA|Win32.Build.0 = ReleaseA|Win32
		{565089A1-60C0-4281-99D7-A459E7354EEF}.ReleaseA|x64.ActiveCfg = ReleaseA|Win32
		{565089A1-60C0-4281-99D7-A459E7354EEF}.SDebug|Win32.ActiveCfg = SDebug|Win32
		{565089A1-60C0-4281-99D7-A459E7354EEF}.SDebug|Win32.Build.0 = SDebug|Win32
		{565089A1-60C0-4281-99D7-A459E7354EEF}.SDebug|x64.ActiveCfg = SDebug|Win32
		{565089A1-60C0-4281-99D7-A459E7354EEF}.SDebugA|Win32.ActiveCfg = SDebugA|Win32
		{565089A1-60C0-4281-99D7-A459E7354EEF}.SDebugA|Win32.Build.0 = SDebugA|Win32
		{565089A1-60C0-4281-99D7-A459E7354EEF}.SDebugA|x64.ActiveCfg = SDebugA|Win32
		{565089A1-60C0-4281-99D7-A459E7354EEF}.SRelease|Win32.ActiveCfg = SRelease|Win32
		{565089A1-60C0-4281-99D7-A459E7354EEF}.SRelease|Win32.Build.0 = SRelease|Win32
		{565089A1-60C0-4281-99D7-A459E7354EEF}.SRelease|x64.ActiveCfg = SRelease|Win32
		{565089A1-60C0-4281-99D7-A459E7354EEF}.SReleaseA|Win32.ActiveCfg = SReleaseA|Win32
		{565089A1-60C0-4281-99D7-A459E7354EEF}.SReleaseA|Win32.Build.0 = SReleaseA|Win32
		{565089A1-60C0-4281-99D7-A459E7354EEF}.SReleaseA|x64.ActiveCfg = SReleaseA|Win32
		{3EF9795D-3509-4664-8E73-8D315CC0B944}.Debug|Win32.ActiveCfg = Debug|Win32
		{3EF9795D-3509-4664-8E73-8D315CC0B944}.Debug|Win32.Build.0 = Debug|Win32
		{3EF9795D-3509-4664-8E73-8D315CC0B944}.Debug|x64.ActiveCfg = Debug|Win32
		{3EF9795D-3509-4664-8E73-8D315CC0B944}.DebugA|Win32.ActiveCfg = DebugA|Win32
		{3EF9795D-3509-4664-8E73-8D315CC0B944}.DebugA|Win32.Build.0 = DebugA|Win32
		{3EF9795D-3509-4664-8E73-8D315CC0B944}.DebugA|x64.ActiveCfg = DebugA|Win32
		{3EF9795D-3509-4664-8E73-8D315CC0B944}.Release|Win32.ActiveCfg = Release|Win32
		{3EF9795D-3509-4664-8E73-8D315CC0B944}.Release|Win32.Build.0 = Release|Win32
		{3EF9795D-3509-4664-8E73-8D315CC0B944}.Release|x64.ActiveCfg = Release|Win32
		{3EF9795D-3509-4664-8E73-8D315CC0B944}.ReleaseA|Win32.ActiveCfg = ReleaseA|Win32
		{3EF9795D-3509-4664-8E73-8D315CC0B944}.ReleaseA|Win32.Build.0 = ReleaseA|Win32
		{3EF9795D-3509-4664-8E73-8D315CC0B944}.ReleaseA|x64.ActiveCfg = ReleaseA|Win32
		{3EF9795D-3509-4664-8E73-8D315CC0B944}.SDebug|Win32.ActiveCfg = SDebug|Win32
		{3EF9795D-3509-4664-8E73-8D315CC0B944}.SDebug|Win32.Build.0 = SDebug|Win32
		{3EF9795D-3509-4664-8E73-8D315CC0B944}.SDebug|x64.ActiveCfg = SDebug|Win32
		{3EF9795D-3509-4664-8E73-8D315CC0B944}.SDebugA|Win32.ActiveCfg = SDebugA|Win32
		{3EF9795D-3509-4664-8E73-8D315CC0B944}.SDebugA|Win32.Build.0 = SDebugA|Win32
		{3EF9795D-3509-4664-8E73-8D315CC0B944}.SDebugA|x64.ActiveCfg = SDebugA|Win32
		{3EF9795D-3509-4664-8E73-8D315CC0B944}.SRelease|Win32.ActiveCfg = SRelease|Win32
		{3EF9795D-3509-4664-8E73-8D315CC0B944}.SRelease|Win32.Build.0 = SRelease|Win32
		{3EF9795D-3509-4664-8E73-8D315CC0B944}.SRelease|x64.ActiveCfg = SRelease|Win32
		{3EF9795D-3509-4664-8E73-8D315CC0B944}.SReleaseA|Win32.ActiveCfg = SReleaseA|Win32
		{3EF9795D-3509-4664-8E73-8D315CC0B944}.SReleaseA|Win32.Build.0 = SReleaseA|Win32
		{3EF9795D-3509-4664-8E73-8D315CC0B944}.SReleaseA|x64.ActiveCfg = SReleaseA|Win32
		{2C0EADA2-111E-4D58-B171-B1C896D7A0DE}.Debug|Win32.ActiveCfg = Debug|Win32
		{2C0EADA2-111E-4D58-B171-B1C896D7A0DE}.Debug|Win32.Build.0 = Debug|Win32
		{2C0EADA2-111E-4D58-B171-B1C896D7A0DE}.Debug|x64.ActiveCfg = Debug|Win32
		{2C0EADA2-111E-4D58-B171-B1C896D7A0DE}.DebugA|Win32.ActiveCfg = DebugA|Win32
		{2C0EADA2-111E-4D58-B171-B1C896D7A0DE}.DebugA|Win32.Build.0 = DebugA|Win32
		{2C0EADA2-111E-4D58-B171-B1C896D7A0DE}.DebugA|x64.ActiveCfg = DebugA|Win32
		{2C0EADA2-111E-4D58-B171-B1C896D7A0DE}.Release|Win32.ActiveCfg = Release|Win32
		{2C0EADA2-111E-4D58-B171-B1C896D7A0DE}.Release|Win32.Build.0 = Release|Win32
		{2C0EADA2-111E-4D58-B171-B1C896D7A0DE}.Release|x64.ActiveCfg = Release|Win32
		{2C0EADA2-111E-4D58-B171-B1C896D7A0DE}.ReleaseA|Win32.ActiveCfg = ReleaseA|Win32
		{2C0EADA2-111E-4D58-B171-B1C896D7A0DE}.ReleaseA|Win32.Build.0 = ReleaseA|Win32
		{2C0EADA2-111E-4D58-B171-B1C896D7A0DE}.ReleaseA|x64.ActiveCfg = ReleaseA|Win32
		{2C0EADA2-111E-4D58-B171-B1C896D7A0DE}.SDebug|Win32.ActiveCfg = SDebug|Win32
		{2C0EADA2-111E-4D58-B171-B1C896D7A0DE}.SDebug|Win32.Build.0 = SDebug|Win32
		{2C0EADA2-111E-4D58-B171-B1C896D7A0DE}.SDebug|x64.ActiveCfg = SDebug|Win32
		{2C0EADA2-111E-4D58-B171-B1C896D7A0DE}.SDebugA|Win32.ActiveCfg = SDebugA|Win32
		{2C0EADA2-111E-4D58-B171-B1C896D7A0DE}.SDebugA|Win32.Build.0 = SDebugA|Win32
		{2C0EADA2-111E-4D58-B171-B1C896D7A0DE}.SDebugA|x64.ActiveCfg = SDebugA|Win32
		{2C0EADA2-111E-4D58-B171-B1C896D7A0DE}.SRelease|Win32.ActiveCfg = SRelease|Win32
		{2C0EADA2-111E-4D58-B171-B1C896D7A0DE}.SRelease|Win32.Build.0 = SRelease|Win32
		{2C0EADA2-111E-4D58-B171-B1C896D7A0DE}.SRelease|x64.ActiveCfg = SRelease|Win32
		{2C0EADA2-111E-4D58-B171-B1C896D7A0DE}.SReleaseA|Win32.ActiveCfg = SReleaseA|Win32
		{2C0EADA2-111E-4D58-B171-B1C896D7A0DE}.SReleaseA|Win32.Build.0 = SReleaseA|Win32
		{2C0EADA2-111E-4D58-B171-B1C896D7A0DE}.SReleaseA|x64.ActiveCfg = SReleaseA|Win32
		{0278E09B-92AA-4C18-ACB5-EEDF958395B1}.Debug|Win32.ActiveCfg = Debug|Win32
		{0278E09B-92AA-4C18-ACB5-EEDF958395B1}.Debug|Win32.Build.0 = Debug|Win32
		{0278E09B-92AA-4C18-ACB5-EEDF958395B1}.Debug|x64.ActiveCfg = Debug|Win32
		{0278E09B-92AA-4C18-ACB5-EEDF958395B1}.DebugA|Win32.ActiveCfg = Debug|Win32
		{0278E09B-92AA-4C18-ACB5-EEDF958395B1}.DebugA|Win32.Build.0 = Debug|Win32
		{0278E09B-92AA-4C18-ACB5-EEDF958395B1}.DebugA|x64.ActiveCfg = Debug|Win32
		{0278E09B-92AA-4C18-ACB5-EEDF958395B1}.Release|Win32.ActiveCfg = Release|Win32
		{0278E09B-92AA-4C18-ACB5-EEDF958395B1}.Release|Win32.Build.0 = Release|Win32
		{0278E09B-92AA-4C18-ACB5-EEDF958395B1}.Release|x64.ActiveCfg = Release|Win32
		{0278E09B-92AA-4C18-ACB5-EEDF958395B1}.ReleaseA|Win32.ActiveCfg = ReleaseA|Win32
		{0278E09B-92AA-4C18-ACB5-EEDF958395B1}.ReleaseA|Win32.Build.0 = ReleaseA|Win32
		{0278E09B-92AA-4C18-ACB5-EEDF958395B1}.ReleaseA|x64.ActiveCfg = ReleaseA|Win32
		{0278E09B-92AA-4C18-ACB5-EEDF958395B1}.SDebug|Win32.ActiveCfg = SDebug|Win32
		{0278E09B-92AA-4C18-ACB5-EEDF958395B1}.SDebug|Win32.Build.0 = SDebug|Win32
		{0278E09B-92AA-4C18-ACB5-EEDF958395B1}.SDebug|x64.ActiveCfg = SDebug|Win32
		{0278E09B-92AA-4C18-ACB5-EEDF958395B1}.SDebugA|Win32.ActiveCfg = SDebugA|Win32
		{0278E09B-92AA-4C18-ACB5-EEDF958395B1}.SDebugA|Win32.Build.0 = SDebugA|Win32
		{0278E09B-92AA-4C18-ACB5-EEDF958395B1}.SDebugA|x64.ActiveCfg = SDebugA|Win32
		{0278E09B-92AA-4C18-ACB5-EEDF958395B1}.SRelease|Win32.ActiveCfg = SRelease|Win32
		{0278E09B-92AA-4C18-ACB5-EEDF958395B1}.SRelease|Win32.Build.0 = SRelease|Win32
		{0278E09B-92AA-4C18-ACB5-EEDF958395B1}.SRelease|x64.ActiveCfg = SRelease|Win32
		{0278E09B-92AA-4C18-ACB5-EEDF958395B1}.SReleaseA|Win32.ActiveCfg = SReleaseA|Win32
		{0278E09B-92AA-4C18-ACB5-EEDF958395B1}.SReleaseA|Win32.Build.0 = SReleaseA|Win32
		{0278E09B-92AA-4C18-ACB5-EEDF958395B1}.SReleaseA|x64.ActiveCfg = SReleaseA|Win32
		{46E0954B-D9BE-48D6-8573-10B4F41E0171}.Debug|Win32.ActiveCfg = Debug|Win32
		{46E0954B-D9BE-48D6-8573-10B4F41E0171}.Debug|Win32.Build.0 = Debug|Win32
		{46E0954B-D9BE-48D6-8573-10B4F41E0171}.Debug|x64.ActiveCfg = Debug|Win32
		{46E0954B-D9BE-48D6-8573-10B4F41E0171}.DebugA|Win32.ActiveCfg = DebugA|Win32
		{46E0954B-D9BE-48D6-8573-10B4F41E0171}.DebugA|Win32.Build.0 = DebugA|Win32
		{46E0954B-D9BE-48D6-8573-10B4F41E0171}.DebugA|x64.ActiveCfg = DebugA|Win32
		{46E0954B-D9BE-48D6-8573-10B4F41E0171}.Release|Win32.ActiveCfg = Release|Win32
		{46E0954B-D9BE-48D6-8573-10B4F41E0171}.Release|Win32.Build.0 = Release|Win32
		{46E0954B-D9BE-48D6-8573-10B4F41E0171}.Release|x64.ActiveCfg = Release|Win32
		{46E0954B-D9BE-48D6-8573-10B4F41E0171}.ReleaseA|Win32.ActiveCfg = ReleaseA|Win32
		{46E0954B-D9BE-48D6-8573-10B4F41E0171}.ReleaseA|Win32.Build.0 = ReleaseA|Win32
		{46E0954B-D9BE-48D6-8573-10B4F41E0171}.ReleaseA|x64.ActiveCfg = ReleaseA|Win32
		{46E0954B-D9BE-48D6-8573-10B4F41E0171}.SDebug|Win32.ActiveCfg = SDebug|Win32
		{46E0954B-D9BE-48D6-8573-10B4F41E0171}.SDebug|Win32.Build.0 = SDebug|Win32
		{46E0954B-D9BE-48D6-8573-10B4F41E0171}.SDebug|x64.ActiveCfg = SDebug|Win32
		{46E0954B-D9BE-48D6-8573-10B4F41E0171}.SDebugA|Win32.ActiveCfg = SDebugA|Win32
		{46E0954B-D9BE-48D6-8573-10B4F41E0171}.SDebugA|Win32.Build.0 = SDebugA|Win32
		{46E0954B-D9BE-48D6-8573-10B4F41E0171}.SDebugA|x64.ActiveCfg = SDebugA|Win32
		{46E0954B-D9BE-48D6-8573-10B4F41E0171}.SRelease|Win32.ActiveCfg = SRelease|Win32
		{46E0954B-D9BE-48D6-8573-10B4F41E0171}.SRelease|Win32.Build.0 = SRelease|Win32
		{46E0954B-D9BE-48D6-8573-10B4F41E0171}.SRelease|x64.ActiveCfg = SRelease|Win32
		{46E0954B-D9BE-48D6-8573-10B4F41E0171}.SReleaseA|Win32.ActiveCfg = SReleaseA|Win32
		{46E0954B-D9BE-48D6-8573-10B4F41E0171}.SReleaseA|Win32.Build.0 = SReleaseA|Win32
		{46E0954B-D9BE-48D6-8573-10B4F41E0171}.SReleaseA|x64.ActiveCfg = SReleaseA|Win32
		{56926B91-317D-4797-BB17-9A5558291743}.Debug|Win32.ActiveCfg = Debug|Win32
		{56926B91-317D-4797-BB17-9A5558291743}.Debug|Win32.Build.0 = Debug|Win32
		{56926B91-317D-4797-BB17-9A5558291743}.Debug|x64.ActiveCfg = Debug|Win32
		{56926B91-317D-4797-BB17-9A5558291743}.DebugA|Win32.ActiveCfg = Debug|Win32
		{56926B91-317D-4797-BB17-9A5558291743}.DebugA|Win32.Build.0 = Debug|Win32
		{56926B91-317D-4797-BB17-9A5558291743}.DebugA|x64.ActiveCfg = Debug|Win32
		{56926B91-317D-4797-BB17-9A5558291743}.Release|Win32.ActiveCfg = Release|Win32
		{56926B91-317D-4797-BB17-9A5558291743}.Release|Win32.Build.0 = Release|Win32
		{56926B91-317D-4797-BB17-9A5558291743}.Release|x64.ActiveCfg = Release|Win32
		{56926B91-317D-4797-BB17-9A5558291743}.ReleaseA|Win32.ActiveCfg = Release|Win32
		{56926B91-317D-4797-BB17-9A5558291743}.ReleaseA|Win32.Build.0 = Release|Win32
		{56926B91-317D-4797-BB17-9A5558291743}.ReleaseA|x64.ActiveCfg = Release|Win32
		{56926B91-317D-4797-BB17-9A5558291743}.SDebug|Win32.ActiveCfg = Debug|Win32
		{56926B91-317D-4797-BB17-9A5558291743}.SDebug|Win32.Build.0 = Debug|Win32
		{56926B91-317D-4797-BB17-9A5558291743}.SDebug|x64.ActiveCfg = Debug|Win32
		{56926B91-317D-4797-BB17-9A5558291743}.SDebugA|Win32.ActiveCfg = Debug|Win32
		{56926B91-317D-4797-BB17-9A5558291743}.SDebugA|Win32.Build.0 = Debug|Win32
		{56926B91-317D-4797-BB17-9A5558291743}.SDebugA|x64.ActiveCfg = Debug|Win32
		{56926B91-317D-4797-BB17-9A5558291743}.SRelease|Win32.ActiveCfg = Release|Win32
		{56926B91-317D-4797-BB17-9A5558291743}.SRelease|Win32.Build.0 = Release|Win32
		{56926B91-317D-4797-BB17-9A5558291743}.SRelease|x64.ActiveCfg = Release|Win32
		{56926B91-317D-4797-BB17-9A5558291743}.SReleaseA|Win32.ActiveCfg = Release|Win32
		{56926B91-317D-4797-BB17-9A5558291743}.SReleaseA|Win32.Build.0 = Release|Win32
		{56926B91-317D-4797-BB17-9A5558291743}.SReleaseA|x64.ActiveCfg = Release|Win32
		{F641AB85-61BE-46D7-9656-5E930D1167E4}.Debug|Win32.ActiveCfg = Debug|Win32
		{F641AB85-61BE-46D7-9656-5E930D1167E4}.Debug|Win32.Build.0 = Debug|Win32
		{F641AB85-61BE-46D7-9656-5E930D1167E4}.Debug|x64.ActiveCfg = Debug|Win32
		{F641AB85-61BE-46D7-9656-5E930D1167E4}.DebugA|Win32.ActiveCfg = Debug|Win32
		{F641AB85-61BE-46D7-9656-5E930D1167E4}.DebugA|Win32.Build.0 = Debug|Win32
		{F641AB85-61BE-46D7-9656-5E930D1167E4}.DebugA|x64.ActiveCfg = Debug|Win32
		{F641AB85-61BE-46D7-9656-5E930D1167E4}.Release|Win32.ActiveCfg = Release|Win32
		{F641AB85-61BE-46D7-9656-5E930D1167E4}.Release|Win32.Build.0 = Release|Win32
		{F641AB85-61BE-46D7-9656-5E930D1167E4}.Release|x64.ActiveCfg = Release|Win32
		{F641AB85-61BE-46D7-9656-5E930D1167E4}.ReleaseA|Win32.ActiveCfg = Release|Win32
		{F641AB85-61BE-46D7-9656-5E930D1167E4}.ReleaseA|Win32.Build.0 = Release|Win32
		{F641AB85-61BE-46D7-9656-5E930D1167E4}.ReleaseA|x64.ActiveCfg = Release|Win32
		{F641AB85-61BE-46D7-9656-5E930D1167E4}.SDebug|Win32.ActiveCfg = Debug|Win32
		{F641AB85-61BE-46D7-9656-5E930D1167E4}.SDebug|Win32.Build.0 = Debug|Win32
		{F641AB85-61BE-46D7-9656-5E930D1167E4}.SDebug|x64.ActiveCfg = Debug|Win32
		{F641AB85-61BE-46D7-9656-5E930D1167E4}.SDebugA|Win32.ActiveCfg = Debug|Win32
		{F641AB85-61BE-46D7-9656-5E930D1167E4}.SDebugA|Win32.Build.0 = Debug|Win32
		{F641AB85-61BE-46D7-9656-5E930D1167E4}.SDebugA|x64.ActiveCfg = Debug|Win32
		{F641AB85-61BE-46D7-9656-5E930D1167E4}.SRelease|Win32.ActiveCfg = Release|Win32
		{F641AB85-61BE-46D7-9656-5E930D1167E4}.SRelease|Win32.Build.0 = Release|Win32
		{F641AB85-61BE-46D7-9656-5E930D1167E4}.SRelease|x64.ActiveCfg = Release|Win32
		{F641AB85-61BE-46D7-9656-5E930D1167E4}.SReleaseA|Win32.ActiveCfg = Release|Win32
		{F641AB85-61BE-46D7-9656-5E930D1167E4}.SReleaseA|Win32.Build.0 = Release|Win32
		{F641AB85-61BE-46D7-9656-5E930D1167E4}.SReleaseA|x64.ActiveCfg = Release|Win32
		{79D7FD72-256A-4C8A-A81D-E301B3C37B2C}.Debug|Win32.ActiveCfg = Debug|Win32
		{79D7FD72-256A-4C8A-A81D-E301B3C37B2C}.Debug|Win32.Build.0 = Debug|Win32
		{79D7FD72-256A-4C8A-A81D-E301B3C37B2C}.Debug|x64.ActiveCfg = Debug|Win32
		{79D7FD72-256A-4C8A-A81D-E301B3C37B2C}.DebugA|Win32.ActiveCfg = Debug|Win32
		{79D7FD72-256A-4C8A-A81D-E301B3C37B2C}.DebugA|Win32.Build.0 = Debug|Win32
		{79D7FD72-256A-4C8A-A81D-E301B3C37B2C}.DebugA|x64.ActiveCfg = Debug|Win32
		{79D7FD72-256A-4C8A-A81D-E301B3C37B2C}.Release|Win32.ActiveCfg = Release|Win32
		{79D7FD72-256A-4C8A-A81D-E301B3C37B2C}.Release|Win32.Build.0 = Release|Win32
		{79D7FD72-256A-4C8A-A81D-E301B3C37B2C}.Release|x64.ActiveCfg = Release|Win32
		{79D7FD72-256A-4C8A-A81D-E301B3C37B2C}.ReleaseA|Win32.ActiveCfg = Release|Win32
		{79D7FD72-256A-4C8A-A81D-E301B3C37B2C}.ReleaseA|Win32.Build.0 = Release|Win32
		{79D7FD72-256A-4C8A-A81D-E301B3C37B2C}.ReleaseA|x64.ActiveCfg = Release|Win32
		{79D7FD72-256A-4C8A-A81D-E301B3C37B2C}.SDebug|Win32.ActiveCfg = Debug|Win32
		{79D7FD72-256A-4C8A-A81D-E301B3C37B2C}.SDebug|Win32.Build.0 = Debug|Win32
		{79D7FD72-256A-4C8A-A81D-E301B3C37B2C}.SDebug|x64.ActiveCfg = Debug|Win32
		{79D7FD72-256A-4C8A-A81D-E301B3C37B2C}.SDebugA|Win32.ActiveCfg = Debug|Win32
		{79D7FD72-256A-4C8A-A81D-E301B3C37B2C}.SDebugA|Win32.Build.0 = Debug|Win32
		{79D7FD72-256A-4C8A-A81D-E301B3C37B2C}.SDebugA|x64.ActiveCfg = Debug|Win32
		{79D7FD72-256A-4C8A-A81D-E301B3C37B2C}.SRelease|Win32.ActiveCfg = Release|Win32
		{79D7FD72-256A-4C8A-A81D-E301B3C37B2C}.SRelease|Win32.Build.0 = Release|Win32
		{79D7FD72-256A-4C8A-A81D-E301B3C37B2C}.SRelease|x64.ActiveCfg = Release|Win32
		{79D7FD72-256A-4C8A-A81D-E301B3C37B2C}.SReleaseA|Win32.ActiveCfg = Release|Win32
		{79D7FD72-256A-4C8A-A81D-E301B3C37B2C}.SReleaseA|Win32.Build.0 = Release|Win32
		{79D7FD72-256A-4C8A-A81D-E301B3C37B2C}.SReleaseA|x64.ActiveCfg = Release|Win32
		{54393194-0DDC-47E9-96E9-0D3D87466403}.Debug|Win32.ActiveCfg = Debug|Win32
		{54393194-0DDC-47E9-96E9-0D3D87466403}.Debug|Win32.Build.0 = Debug|Win32
		{54393194-0DDC-47E9-96E9-0D3D87466403}.Debug|x64.ActiveCfg = Debug|Win32
		{54393194-0DDC-47E9-96E9-0D3D87466403}.DebugA|Win32.ActiveCfg = DebugA|Win32
		{54393194-0DDC-47E9-96E9-0D3D87466403}.DebugA|Win32.Build.0 = DebugA|Win32
		{54393194-0DDC-47E9-96E9-0D3D87466403}.DebugA|x64.ActiveCfg = DebugA|Win32
		{54393194-0DDC-47E9-96E9-0D3D87466403}.Release|Win32.ActiveCfg = Release|Win32
		{54393194-0DDC-47E9-96E9-0D3D87466403}.Release|Win32.Build.0 = Release|Win32
		{54393194-0DDC-47E9-96E9-0D3D87466403}.Release|x64.ActiveCfg = Release|Win32
		{54393194-0DDC-47E9-96E9-0D3D87466403}.ReleaseA|Win32.ActiveCfg = ReleaseA|Win32
		{54393194-0DDC-47E9-96E9-0D3D87466403}.ReleaseA|Win32.Build.0 = ReleaseA|Win32
		{54393194-0DDC-47E9-96E9-0D3D87466403}.ReleaseA|x64.ActiveCfg = ReleaseA|Win32
		{54393194-0DDC-47E9-96E9-0D3D87466403}.SDebug|Win32.ActiveCfg = SDebug|Win32
		{54393194-0DDC-47E9-96E9-0D3D87466403}.SDebug|Win32.Build.0 = SDebug|Win32
		{54393194-0DDC-47E9-96E9-0D3D87466403}.SDebug|x64.ActiveCfg = SDebug|Win32
		{54393194-0DDC-47E9-96E9-0D3D87466403}.SDebugA|Win32.ActiveCfg = SDebugA|Win32
		{54393194-0DDC-47E9-96E9-0D3D87466403}.SDebugA|Win32.Build.0 = SDebugA|Win32
		{54393194-0DDC-47E9-96E9-0D3D87466403}.SDebugA|x64.ActiveCfg = SDebugA|Win32
		{54393194-0DDC-47E9-96E9-0D3D87466403}.SRelease|Win32.ActiveCfg = SRelease|Win32
		{54393194-0DDC-47E9-96E9-0D3D87466403}.SRelease|Win32.Build.0 = SRelease|Win32
		{54393194-0DDC-47E9-96E9-0D3D87466403}.SRelease|x64.ActiveCfg = SRelease|Win32
		{54393194-0DDC-47E9-96E9-0D3D87466403}.SReleaseA|Win32.ActiveCfg = SReleaseA|Win32
		{54393194-0DDC-47E9-96E9-0D3D87466403}.SReleaseA|Win32.Build.0 = SReleaseA|Win32
		{54393194-0DDC-47E9-96E9-0D3D87466403}.SReleaseA|x64.ActiveCfg = SReleaseA|Win32
		{71A9D549-71E3-463C-979E-3A5F1B76614C}.Debug|Win32.ActiveCfg = Debug|Win32
		{71A9D549-71E3-463C-979E-3A5F1B76614C}.Debug|Win32.Build.0 = Debug|Win32
		{71A9D549-71E3-463C-979E-3A5F1B76614C}.Debug|x64.ActiveCfg = Debug|Win32
		{71A9D549-71E3-463C-979E-3A5F1B76614C}.DebugA|Win32.ActiveCfg = DebugA|Win32
		{71A9D549-71E3-463C-979E-3A5F1B76614C}.DebugA|Win32.Build.0 = DebugA|Win32
		{71A9D549-71E3-463C-979E-3A5F1B76614C}.DebugA|x64.ActiveCfg = DebugA|Win32
		{71A9D549-71E3-463C-979E-3A5F1B76614C}.DebugA|x64.Build.0 = DebugA|Win32
		{71A9D549-71E3-463C-979E-3A5F1B76614C}.Release|Win32.ActiveCfg = Release|Win32
		{71A9D549-71E3-463C-979E-3A5F1B76614C}.Release|Win32.Build.0 = Release|Win32
		{71A9D549-71E3-463C-979E-3A5F1B76614C}.Release|x64.ActiveCfg = Release|Win32
		{71A9D549-71E3-463C-979E-3A5F1B76614C}.ReleaseA|Win32.ActiveCfg = ReleaseA|Win32
		{71A9D549-71E3-463C-979E-3A5F1B76614C}.ReleaseA|Win32.Build.0 = ReleaseA|Win32
		{71A9D549-71E3-463C-979E-3A5F1B76614C}.ReleaseA|x64.ActiveCfg = ReleaseA|x64
		{71A9D549-71E3-463C-979E-3A5F1B76614C}.ReleaseA|x64.Build.0 = ReleaseA|x64
		{71A9D549-71E3-463C-979E-3A5F1B76614C}.SDebug|Win32.ActiveCfg = SDebug|Win32
		{71A9D549-71E3-463C-979E-3A5F1B76614C}.SDebug|Win32.Build.0 = SDebug|Win32
		{71A9D549-71E3-463C-979E-3A5F1B76614C}.SDebug|x64.ActiveCfg = SDebug|Win32
		{71A9D549-71E3-463C-979E-3A5F1B76614C}.SDebugA|Win32.ActiveCfg = SDebugA|Win32
		{71A9D549-71E3-463C-979E-3A5F1B76614C}.SDebugA|Win32.Build.0 = SDebugA|Win32
		{71A9D549-71E3-463C-979E-3A5F1B76614C}.SDebugA|x64.ActiveCfg = SDebugA|x64
		{71A9D549-71E3-463C-979E-3A5F1B76614C}.SDebugA|x64.Build.0 = SDebugA|x64
		{71A9D549-71E3-463C-979E-3A5F1B76614C}.SRelease|Win32.ActiveCfg = SRelease|Win32
		{71A9D549-71E3-463C-979E-3A5F1B76614C}.SRelease|Win32.Build.0 = SRelease|Win32
		{71A9D549-71E3-463C-979E-3A5F1B76614C}.SRelease|x64.ActiveCfg = SRelease|Win32
		{71A9D549-71E3-463C-979E-3A5F1B76614C}.SReleaseA|Win32.ActiveCfg = SReleaseA|Win32
		{71A9D549-71E3-463C-979E-3A5F1B76614C}.SReleaseA|Win32.Build.0 = SReleaseA|Win32
		{71A9D549-71E3-463C-979E-3A5F1B76614C}.SReleaseA|x64.ActiveCfg = SReleaseA|x64
		{71A9D549-71E3-463C-979E-3A5F1B76614C}.SReleaseA|x64.Build.0 = SReleaseA|x64
		{54019823-E923-44D0-AD60-8EB636D107DC}.Debug|Win32.ActiveCfg = Debug|Win32
		{54019823-E923-44D0-AD60-8EB636D107DC}.Debug|Win32.Build.0 = Debug|Win32
		{54019823-E923-44D0-AD60-8EB636D107DC}.Debug|x64.ActiveCfg = Debug|x64
		{54019823-E923-44D0-AD60-8EB636D107DC}.Debug|x64.Build.0 = Debug|x64
		{54019823-E923-44D0-AD60-8EB636D107DC}.DebugA|Win32.ActiveCfg = DebugA|Win32
		{54019823-E923-44D0-AD60-8EB636D107DC}.DebugA|Win32.Build.0 = DebugA|Win32
		{54019823-E923-44D0-AD60-8EB636D107DC}.DebugA|x64.ActiveCfg = DebugA|x64
		{54019823-E923-44D0-AD60-8EB636D107DC}.DebugA|x64.Build.0 = DebugA|x64
		{54019823-E923-44D0-AD60-8EB636D107DC}.Release|Win32.ActiveCfg = Release|Win32
		{54019823-E923-44D0-AD60-8EB636D107DC}.Release|Win32.Build.0 = Release|Win32
		{54019823-E923-44D0-AD60-8EB636D107DC}.Release|x64.ActiveCfg = Release|x64
		{54019823-E923-44D0-AD60-8EB636D107DC}.Release|x64.Build.0 = Release|x64
		{54019823-E923-44D0-AD60-8EB636D107DC}.ReleaseA|Win32.ActiveCfg = ReleaseA|Win32
		{54019823-E923-44D0-AD60-8EB636D107DC}.ReleaseA|Win32.Build.0 = ReleaseA|Win32
		{54019823-E923-44D0-AD60-8EB636D107DC}.ReleaseA|x64.ActiveCfg = ReleaseA|x64
		{54019823-E923-44D0-AD60-8EB636D107DC}.ReleaseA|x64.Build.0 = ReleaseA|x64
		{54019823-E923-44D0-AD60-8EB636D107DC}.SDebug|Win32.ActiveCfg = SDebug|Win32
		{54019823-E923-44D0-AD60-8EB636D107DC}.SDebug|Win32.Build.0 = SDebug|Win32
		{54019823-E923-44D0-AD60-8EB636D107DC}.SDebug|x64.ActiveCfg = SDebug|x64
		{54019823-E923-44D0-AD60-8EB636D107DC}.SDebug|x64.Build.0 = SDebug|x64
		{54019823-E923-44D0-AD60-8EB636D107DC}.SDebugA|Win32.ActiveCfg = SDebugA|Win32
		{54019823-E923-44D0-AD60-8EB636D107DC}.SDebugA|Win32.Build.0 = SDebugA|Win32
		{54019823-E923-44D0-AD60-8EB636D107DC}.SDebugA|x64.ActiveCfg = SDebugA|x64
		{54019823-E923-44D0-AD60-8EB636D107DC}.SDebugA|x64.Build.0 = SDebugA|x64
		{54019823-E923-44D0-AD60-8EB636D107DC}.SRelease|Win32.ActiveCfg = SRelease|Win32
		{54019823-E923-44D0-AD60-8EB636D107DC}.SRelease|Win32.Build.0 = SRelease|Win32
		{54019823-E923-44D0-AD60-8EB636D107DC}.SRelease|x64.ActiveCfg = SRelease|x64
		{54019823-E923-44D0-AD60-8EB636D107DC}.SRelease|x64.Build.0 = SRelease|x64
		{54019823-E923-44D0-AD60-8EB636D107DC}.SReleaseA|Win32.ActiveCfg = SReleaseA|Win32
		{54019823-E923-44D0-AD60-8EB636D107DC}.SReleaseA|Win32.Build.0 = SReleaseA|Win32
		{54019823-E923-44D0-AD60-8EB636D107DC}.SReleaseA|x64.ActiveCfg = SReleaseA|x64
		{54019823-E923-44D0-AD60-8EB636D107DC}.SReleaseA|x64.Build.0 = SReleaseA|x64
	EndGlobalSection
	GlobalSection(SolutionProperties) = preSolution
		HideSolutionNode = FALSE
	EndGlobalSection
	GlobalSection(NestedProjects) = preSolution
		{565089A1-60C0-4281-99D7-A459E7354EEF} = {D01B5755-53F2-4929-B69C-75C99D151E6F}
		{3EF9795D-3509-4664-8E73-8D315CC0B944} = {D01B5755-53F2-4929-B69C-75C99D151E6F}
		{2C0EADA2-111E-4D58-B171-B1C896D7A0DE} = {D01B5755-53F2-4929-B69C-75C99D151E6F}
		{0278E09B-92AA-4C18-ACB5-EEDF958395B1} = {D01B5755-53F2-4929-B69C-75C99D151E6F}
		{46E0954B-D9BE-48D6-8573-10B4F41E0171} = {D01B5755-53F2-4929-B69C-75C99D151E6F}
		{56926B91-317D-4797-BB17-9A5558291743} = {344C05EC-6946-4E0E-AB3D-830FA2BC67EB}
		{F641AB85-61BE-46D7-9656-5E930D1167E4} = {344C05EC-6946-4E0E-AB3D-830FA2BC67EB}
		{344C05EC-6946-4E0E-AB3D-830FA2BC67EB} = {D01B5755-53F2-4929-B69C-75C99D151E6F}
		{79D7FD72-256A-4C8A-A81D-E301B3C37B2C} = {D01B5755-53F2-4929-B69C-75C99D151E6F}
		{54393194-0DDC-47E9-96E9-0D3D87466403} = {D01B5755-53F2-4929-B69C-75C99D151E6F}
		{71A9D549-71E3-463C-979E-3A5F1B76614C} = {D01B5755-53F2-4929-B69C-75C99D151E6F}
		{54019823-E923-44D0-AD60-8EB636D107DC} = {D01B5755-53F2-4929-B69C-75C99D151E6F}
	EndGlobalSection
	GlobalSection(ExtensibilityGlobals) = postSolution
		SolutionGuid = {B5B6895A-C08D-4CD7-9DA6-891A85B47F35}
	EndGlobalSection
	GlobalSection(SubversionScc) = preSolution
		Svn-Managed = True
		Manager = AnkhSVN - Subversion Support for Visual Studio
	EndGlobalSection
EndGlobal
