
Microsoft Visual Studio Solution File, Format Version 11.00
# Visual Studio 2010
Project("{8BC9CEB8-8B4A-11D0-8D11-00A0C91BC942}") = "DuiLib", "DuiLib\DuiLib.vcxproj", "{E106ACD7-4E53-4AEE-942B-D0DD426DB34E}"
EndProject
Project("{2150E333-8FDC-42A3-9474-1A3956D46DE8}") = "Demos", "Demos", "{D01B5755-53F2-4929-B69C-75C99D151E6F}"
EndProject
Project("{8BC9CEB8-8B4A-11D0-8D11-00A0C91BC942}") = "BDWallPaper", "Demos\bdwallpaper\BDWallPaper.vcxproj", "{565089A1-60C0-4281-99D7-A459E7354EEF}"
EndProject
Project("{8BC9CEB8-8B4A-11D0-8D11-00A0C91BC942}") = "duidemo", "Demos\duidemo\duidemo.vcxproj", "{54019823-E923-44D0-AD60-8EB636D107DC}"
EndProject
Project("{8BC9CEB8-8B4A-11D0-8D11-00A0C91BC942}") = "GameBox", "Demos\gamebox\GameBox.vcxproj", "{3EF9795D-3509-4664-8E73-8D315CC0B944}"
EndProject
Project("{8BC9CEB8-8B4A-11D0-8D11-00A0C91BC942}") = "qqsetup", "Demos\qqsetup\qqsetup.vcxproj", "{797901AA-9447-45C6-AF89-5D5DA54C4159}"
EndProject
Global
	GlobalSection(SolutionConfigurationPlatforms) = preSolution
		Debug|Win32 = Debug|Win32
		Release|Win32 = Release|Win32
	EndGlobalSection
	GlobalSection(ProjectConfigurationPlatforms) = postSolution
		{E106ACD7-4E53-4AEE-942B-D0DD426DB34E}.Debug|Win32.ActiveCfg = Debug|Win32
		{E106ACD7-4E53-4AEE-942B-D0DD426DB34E}.Debug|Win32.Build.0 = Debug|Win32
		{E106ACD7-4E53-4AEE-942B-D0DD426DB34E}.Release|Win32.ActiveCfg = Release|Win32
		{E106ACD7-4E53-4AEE-942B-D0DD426DB34E}.Release|Win32.Build.0 = Release|Win32
		{565089A1-60C0-4281-99D7-A459E7354EEF}.Debug|Win32.ActiveCfg = Debug|Win32
		{565089A1-60C0-4281-99D7-A459E7354EEF}.Debug|Win32.Build.0 = Debug|Win32
		{565089A1-60C0-4281-99D7-A459E7354EEF}.Release|Win32.ActiveCfg = Release|Win32
		{565089A1-60C0-4281-99D7-A459E7354EEF}.Release|Win32.Build.0 = Release|Win32
		{54019823-E923-44D0-AD60-8EB636D107DC}.Debug|Win32.ActiveCfg = Debug|Win32
		{54019823-E923-44D0-AD60-8EB636D107DC}.Debug|Win32.Build.0 = Debug|Win32
		{54019823-E923-44D0-AD60-8EB636D107DC}.Release|Win32.ActiveCfg = Release|Win32
		{54019823-E923-44D0-AD60-8EB636D107DC}.Release|Win32.Build.0 = Release|Win32
		{3EF9795D-3509-4664-8E73-8D315CC0B944}.Debug|Win32.ActiveCfg = Debug|Win32
		{3EF9795D-3509-4664-8E73-8D315CC0B944}.Debug|Win32.Build.0 = Debug|Win32
		{3EF9795D-3509-4664-8E73-8D315CC0B944}.Release|Win32.ActiveCfg = Release|Win32
		{3EF9795D-3509-4664-8E73-8D315CC0B944}.Release|Win32.Build.0 = Release|Win32
		{797901AA-9447-45C6-AF89-5D5DA54C4159}.Debug|Win32.ActiveCfg = Debug|Win32
		{797901AA-9447-45C6-AF89-5D5DA54C4159}.Debug|Win32.Build.0 = Debug|Win32
		{797901AA-9447-45C6-AF89-5D5DA54C4159}.Release|Win32.ActiveCfg = Release|Win32
		{797901AA-9447-45C6-AF89-5D5DA54C4159}.Release|Win32.Build.0 = Release|Win32
	EndGlobalSection
	GlobalSection(SolutionProperties) = preSolution
		HideSolutionNode = FALSE
	EndGlobalSection
	GlobalSection(NestedProjects) = preSolution
		{565089A1-60C0-4281-99D7-A459E7354EEF} = {D01B5755-53F2-4929-B69C-75C99D151E6F}
		{54019823-E923-44D0-AD60-8EB636D107DC} = {D01B5755-53F2-4929-B69C-75C99D151E6F}
		{3EF9795D-3509-4664-8E73-8D315CC0B944} = {D01B5755-53F2-4929-B69C-75C99D151E6F}
		{797901AA-9447-45C6-AF89-5D5DA54C4159} = {D01B5755-53F2-4929-B69C-75C99D151E6F}
	EndGlobalSection
EndGlobal
