
Microsoft Visual Studio Solution File, Format Version 11.00
# Visual Studio 2010
Project("{8BC9CEB8-8B4A-11D0-8D11-00A0C91BC942}") = "DuiLib", "DuiLib\DuiLib.vcxproj", "{E106ACD7-4E53-4AEE-942B-D0DD426DB34E}"
EndProject
Project("{2150E333-8FDC-42A3-9474-1A3956D46DE8}") = "Demos", "Demos", "{D01B5755-53F2-4929-B69C-75C99D151E6F}"
EndProject
Project("{8BC9CEB8-8B4A-11D0-8D11-00A0C91BC942}") = "BDWallPaper", "Demos\bdwallpaper\BDWallPaper.vcxproj", "{565089A1-60C0-4281-99D7-A459E7354EEF}"
EndProject
Project("{8BC9CEB8-8B4A-11D0-8D11-00A0C91BC942}") = "duidemo", "Demos\duidemo\duidemo.vcxproj", "{54019823-E923-44D0-AD60-8EB636D107DC}"
EndProject
Project("{8BC9CEB8-8B4A-11D0-8D11-00A0C91BC942}") = "GameBox", "Demos\gamebox\GameBox.vcxproj", "{3EF9795D-3509-4664-8E73-8D315CC0B944}"
EndProject
Project("{8BC9CEB8-8B4A-11D0-8D11-00A0C91BC942}") = "transwnd", "Demos\transwnd\transwnd.vcxproj", "{2C0EADA2-111E-4D58-B171-B1C896D7A0DE}"
EndProject
Project("{8BC9CEB8-8B4A-11D0-8D11-00A0C91BC942}") = "XLGameBox", "Demos\xlgamebox\XLGameBox.vcxproj", "{0278E09B-92AA-4C18-ACB5-EEDF958395B1}"
EndProject
Project("{8BC9CEB8-8B4A-11D0-8D11-00A0C91BC942}") = "ADMonSetup", "Demos\ADMonSetup\ADMonSetup.vcxproj", "{46E0954B-D9BE-48D6-8573-10B4F41E0171}"
	ProjectSection(ProjectDependencies) = postProject
		{E106ACD7-4E53-4AEE-942B-D0DD426DB34E} = {E106ACD7-4E53-4AEE-942B-D0DD426DB34E}
	EndProjectSection
EndProject
Project("{8BC9CEB8-8B4A-11D0-8D11-00A0C91BC942}") = "AnimationWindow", "Demos\animationWindow\Desktop.vcxproj", "{56926B91-317D-4797-BB17-9A5558291743}"
EndProject
Project("{8BC9CEB8-8B4A-11D0-8D11-00A0C91BC942}") = "UIFeatureEffect", "Demos\animationWindow\UiFeatureEffect\UIFeatureEffect.vcxproj", "{F641AB85-61BE-46D7-9656-5E930D1167E4}"
EndProject
Project("{2150E333-8FDC-42A3-9474-1A3956D46DE8}") = "动画演示", "动画演示", "{344C05EC-6946-4E0E-AB3D-830FA2BC67EB}"
EndProject
Project("{2150E333-8FDC-42A3-9474-1A3956D46DE8}") = "开源项目", "开源项目", "{87249FDB-05C4-4C8B-9AEC-776A94F06375}"
EndProject
Project("{2150E333-8FDC-42A3-9474-1A3956D46DE8}") = "功能展示", "功能展示", "{C552DE01-7E60-42C5-9349-FA25015A93DA}"
EndProject
Global
	GlobalSection(SolutionConfigurationPlatforms) = preSolution
		Debug|Win32 = Debug|Win32
		DebugA|Win32 = DebugA|Win32
		Release|Win32 = Release|Win32
		ReleaseA|Win32 = ReleaseA|Win32
		SDebug|Win32 = SDebug|Win32
		SDebugA|Win32 = SDebugA|Win32
		SRelease|Win32 = SRelease|Win32
		SReleaseA|Win32 = SReleaseA|Win32
	EndGlobalSection
	GlobalSection(ProjectConfigurationPlatforms) = postSolution
		{E106ACD7-4E53-4AEE-942B-D0DD426DB34E}.Debug|Win32.ActiveCfg = Debug|Win32
		{E106ACD7-4E53-4AEE-942B-D0DD426DB34E}.Debug|Win32.Build.0 = Debug|Win32
		{E106ACD7-4E53-4AEE-942B-D0DD426DB34E}.DebugA|Win32.ActiveCfg = DebugA|Win32
		{E106ACD7-4E53-4AEE-942B-D0DD426DB34E}.DebugA|Win32.Build.0 = DebugA|Win32
		{E106ACD7-4E53-4AEE-942B-D0DD426DB34E}.Release|Win32.ActiveCfg = Release|Win32
		{E106ACD7-4E53-4AEE-942B-D0DD426DB34E}.Release|Win32.Build.0 = Release|Win32
		{E106ACD7-4E53-4AEE-942B-D0DD426DB34E}.ReleaseA|Win32.ActiveCfg = ReleaseA|Win32
		{E106ACD7-4E53-4AEE-942B-D0DD426DB34E}.ReleaseA|Win32.Build.0 = ReleaseA|Win32
		{E106ACD7-4E53-4AEE-942B-D0DD426DB34E}.SDebug|Win32.ActiveCfg = SDebug|Win32
		{E106ACD7-4E53-4AEE-942B-D0DD426DB34E}.SDebug|Win32.Build.0 = SDebug|Win32
		{E106ACD7-4E53-4AEE-942B-D0DD426DB34E}.SDebugA|Win32.ActiveCfg = SDebugA|Win32
		{E106ACD7-4E53-4AEE-942B-D0DD426DB34E}.SDebugA|Win32.Build.0 = SDebugA|Win32
		{E106ACD7-4E53-4AEE-942B-D0DD426DB34E}.SRelease|Win32.ActiveCfg = SRelease|Win32
		{E106ACD7-4E53-4AEE-942B-D0DD426DB34E}.SRelease|Win32.Build.0 = SRelease|Win32
		{E106ACD7-4E53-4AEE-942B-D0DD426DB34E}.SReleaseA|Win32.ActiveCfg = SReleaseA|Win32
		{E106ACD7-4E53-4AEE-942B-D0DD426DB34E}.SReleaseA|Win32.Build.0 = SReleaseA|Win32
		{565089A1-60C0-4281-99D7-A459E7354EEF}.Debug|Win32.ActiveCfg = Debug|Win32
		{565089A1-60C0-4281-99D7-A459E7354EEF}.Debug|Win32.Build.0 = Debug|Win32
		{565089A1-60C0-4281-99D7-A459E7354EEF}.DebugA|Win32.ActiveCfg = DebugA|Win32
		{565089A1-60C0-4281-99D7-A459E7354EEF}.DebugA|Win32.Build.0 = DebugA|Win32
		{565089A1-60C0-4281-99D7-A459E7354EEF}.Release|Win32.ActiveCfg = Release|Win32
		{565089A1-60C0-4281-99D7-A459E7354EEF}.Release|Win32.Build.0 = Release|Win32
		{565089A1-60C0-4281-99D7-A459E7354EEF}.ReleaseA|Win32.ActiveCfg = ReleaseA|Win32
		{565089A1-60C0-4281-99D7-A459E7354EEF}.ReleaseA|Win32.Build.0 = ReleaseA|Win32
		{565089A1-60C0-4281-99D7-A459E7354EEF}.SDebug|Win32.ActiveCfg = SDebug|Win32
		{565089A1-60C0-4281-99D7-A459E7354EEF}.SDebug|Win32.Build.0 = SDebug|Win32
		{565089A1-60C0-4281-99D7-A459E7354EEF}.SDebugA|Win32.ActiveCfg = SDebugA|Win32
		{565089A1-60C0-4281-99D7-A459E7354EEF}.SDebugA|Win32.Build.0 = SDebugA|Win32
		{565089A1-60C0-4281-99D7-A459E7354EEF}.SRelease|Win32.ActiveCfg = SRelease|Win32
		{565089A1-60C0-4281-99D7-A459E7354EEF}.SRelease|Win32.Build.0 = SRelease|Win32
		{565089A1-60C0-4281-99D7-A459E7354EEF}.SReleaseA|Win32.ActiveCfg = SReleaseA|Win32
		{565089A1-60C0-4281-99D7-A459E7354EEF}.SReleaseA|Win32.Build.0 = SReleaseA|Win32
		{54019823-E923-44D0-AD60-8EB636D107DC}.Debug|Win32.ActiveCfg = Debug|Win32
		{54019823-E923-44D0-AD60-8EB636D107DC}.Debug|Win32.Build.0 = Debug|Win32
		{54019823-E923-44D0-AD60-8EB636D107DC}.DebugA|Win32.ActiveCfg = DebugA|Win32
		{54019823-E923-44D0-AD60-8EB636D107DC}.DebugA|Win32.Build.0 = DebugA|Win32
		{54019823-E923-44D0-AD60-8EB636D107DC}.Release|Win32.ActiveCfg = Release|Win32
		{54019823-E923-44D0-AD60-8EB636D107DC}.Release|Win32.Build.0 = Release|Win32
		{54019823-E923-44D0-AD60-8EB636D107DC}.ReleaseA|Win32.ActiveCfg = ReleaseA|Win32
		{54019823-E923-44D0-AD60-8EB636D107DC}.ReleaseA|Win32.Build.0 = ReleaseA|Win32
		{54019823-E923-44D0-AD60-8EB636D107DC}.SDebug|Win32.ActiveCfg = SDebug|Win32
		{54019823-E923-44D0-AD60-8EB636D107DC}.SDebug|Win32.Build.0 = SDebug|Win32
		{54019823-E923-44D0-AD60-8EB636D107DC}.SDebugA|Win32.ActiveCfg = SDebugA|Win32
		{54019823-E923-44D0-AD60-8EB636D107DC}.SDebugA|Win32.Build.0 = SDebugA|Win32
		{54019823-E923-44D0-AD60-8EB636D107DC}.SRelease|Win32.ActiveCfg = SRelease|Win32
		{54019823-E923-44D0-AD60-8EB636D107DC}.SRelease|Win32.Build.0 = SRelease|Win32
		{54019823-E923-44D0-AD60-8EB636D107DC}.SReleaseA|Win32.ActiveCfg = SReleaseA|Win32
		{54019823-E923-44D0-AD60-8EB636D107DC}.SReleaseA|Win32.Build.0 = SReleaseA|Win32
		{3EF9795D-3509-4664-8E73-8D315CC0B944}.Debug|Win32.ActiveCfg = Debug|Win32
		{3EF9795D-3509-4664-8E73-8D315CC0B944}.Debug|Win32.Build.0 = Debug|Win32
		{3EF9795D-3509-4664-8E73-8D315CC0B944}.DebugA|Win32.ActiveCfg = DebugA|Win32
		{3EF9795D-3509-4664-8E73-8D315CC0B944}.DebugA|Win32.Build.0 = DebugA|Win32
		{3EF9795D-3509-4664-8E73-8D315CC0B944}.Release|Win32.ActiveCfg = Release|Win32
		{3EF9795D-3509-4664-8E73-8D315CC0B944}.Release|Win32.Build.0 = Release|Win32
		{3EF9795D-3509-4664-8E73-8D315CC0B944}.ReleaseA|Win32.ActiveCfg = ReleaseA|Win32
		{3EF9795D-3509-4664-8E73-8D315CC0B944}.ReleaseA|Win32.Build.0 = ReleaseA|Win32
		{3EF9795D-3509-4664-8E73-8D315CC0B944}.SDebug|Win32.ActiveCfg = SDebug|Win32
		{3EF9795D-3509-4664-8E73-8D315CC0B944}.SDebug|Win32.Build.0 = SDebug|Win32
		{3EF9795D-3509-4664-8E73-8D315CC0B944}.SDebugA|Win32.ActiveCfg = SDebugA|Win32
		{3EF9795D-3509-4664-8E73-8D315CC0B944}.SDebugA|Win32.Build.0 = SDebugA|Win32
		{3EF9795D-3509-4664-8E73-8D315CC0B944}.SRelease|Win32.ActiveCfg = SRelease|Win32
		{3EF9795D-3509-4664-8E73-8D315CC0B944}.SRelease|Win32.Build.0 = SRelease|Win32
		{3EF9795D-3509-4664-8E73-8D315CC0B944}.SReleaseA|Win32.ActiveCfg = SReleaseA|Win32
		{3EF9795D-3509-4664-8E73-8D315CC0B944}.SReleaseA|Win32.Build.0 = SReleaseA|Win32
		{2C0EADA2-111E-4D58-B171-B1C896D7A0DE}.Debug|Win32.ActiveCfg = Debug|Win32
		{2C0EADA2-111E-4D58-B171-B1C896D7A0DE}.Debug|Win32.Build.0 = Debug|Win32
		{2C0EADA2-111E-4D58-B171-B1C896D7A0DE}.DebugA|Win32.ActiveCfg = DebugA|Win32
		{2C0EADA2-111E-4D58-B171-B1C896D7A0DE}.DebugA|Win32.Build.0 = DebugA|Win32
		{2C0EADA2-111E-4D58-B171-B1C896D7A0DE}.Release|Win32.ActiveCfg = Release|Win32
		{2C0EADA2-111E-4D58-B171-B1C896D7A0DE}.Release|Win32.Build.0 = Release|Win32
		{2C0EADA2-111E-4D58-B171-B1C896D7A0DE}.ReleaseA|Win32.ActiveCfg = ReleaseA|Win32
		{2C0EADA2-111E-4D58-B171-B1C896D7A0DE}.ReleaseA|Win32.Build.0 = ReleaseA|Win32
		{2C0EADA2-111E-4D58-B171-B1C896D7A0DE}.SDebug|Win32.ActiveCfg = SDebug|Win32
		{2C0EADA2-111E-4D58-B171-B1C896D7A0DE}.SDebug|Win32.Build.0 = SDebug|Win32
		{2C0EADA2-111E-4D58-B171-B1C896D7A0DE}.SDebugA|Win32.ActiveCfg = SDebugA|Win32
		{2C0EADA2-111E-4D58-B171-B1C896D7A0DE}.SDebugA|Win32.Build.0 = SDebugA|Win32
		{2C0EADA2-111E-4D58-B171-B1C896D7A0DE}.SRelease|Win32.ActiveCfg = SRelease|Win32
		{2C0EADA2-111E-4D58-B171-B1C896D7A0DE}.SRelease|Win32.Build.0 = SRelease|Win32
		{2C0EADA2-111E-4D58-B171-B1C896D7A0DE}.SReleaseA|Win32.ActiveCfg = SReleaseA|Win32
		{2C0EADA2-111E-4D58-B171-B1C896D7A0DE}.SReleaseA|Win32.Build.0 = SReleaseA|Win32
		{0278E09B-92AA-4C18-ACB5-EEDF958395B1}.Debug|Win32.ActiveCfg = Debug|Win32
		{0278E09B-92AA-4C18-ACB5-EEDF958395B1}.Debug|Win32.Build.0 = Debug|Win32
		{0278E09B-92AA-4C18-ACB5-EEDF958395B1}.DebugA|Win32.ActiveCfg = Debug|Win32
		{0278E09B-92AA-4C18-ACB5-EEDF958395B1}.DebugA|Win32.Build.0 = Debug|Win32
		{0278E09B-92AA-4C18-ACB5-EEDF958395B1}.Release|Win32.ActiveCfg = Release|Win32
		{0278E09B-92AA-4C18-ACB5-EEDF958395B1}.Release|Win32.Build.0 = Release|Win32
		{0278E09B-92AA-4C18-ACB5-EEDF958395B1}.ReleaseA|Win32.ActiveCfg = ReleaseA|Win32
		{0278E09B-92AA-4C18-ACB5-EEDF958395B1}.ReleaseA|Win32.Build.0 = ReleaseA|Win32
		{0278E09B-92AA-4C18-ACB5-EEDF958395B1}.SDebug|Win32.ActiveCfg = SDebug|Win32
		{0278E09B-92AA-4C18-ACB5-EEDF958395B1}.SDebug|Win32.Build.0 = SDebug|Win32
		{0278E09B-92AA-4C18-ACB5-EEDF958395B1}.SDebugA|Win32.ActiveCfg = SDebugA|Win32
		{0278E09B-92AA-4C18-ACB5-EEDF958395B1}.SDebugA|Win32.Build.0 = SDebugA|Win32
		{0278E09B-92AA-4C18-ACB5-EEDF958395B1}.SRelease|Win32.ActiveCfg = SRelease|Win32
		{0278E09B-92AA-4C18-ACB5-EEDF958395B1}.SRelease|Win32.Build.0 = SRelease|Win32
		{0278E09B-92AA-4C18-ACB5-EEDF958395B1}.SReleaseA|Win32.ActiveCfg = SReleaseA|Win32
		{0278E09B-92AA-4C18-ACB5-EEDF958395B1}.SReleaseA|Win32.Build.0 = SReleaseA|Win32
		{46E0954B-D9BE-48D6-8573-10B4F41E0171}.Debug|Win32.ActiveCfg = Debug|Win32
		{46E0954B-D9BE-48D6-8573-10B4F41E0171}.Debug|Win32.Build.0 = Debug|Win32
		{46E0954B-D9BE-48D6-8573-10B4F41E0171}.DebugA|Win32.ActiveCfg = DebugA|Win32
		{46E0954B-D9BE-48D6-8573-10B4F41E0171}.DebugA|Win32.Build.0 = DebugA|Win32
		{46E0954B-D9BE-48D6-8573-10B4F41E0171}.Release|Win32.ActiveCfg = Release|Win32
		{46E0954B-D9BE-48D6-8573-10B4F41E0171}.Release|Win32.Build.0 = Release|Win32
		{46E0954B-D9BE-48D6-8573-10B4F41E0171}.ReleaseA|Win32.ActiveCfg = ReleaseA|Win32
		{46E0954B-D9BE-48D6-8573-10B4F41E0171}.ReleaseA|Win32.Build.0 = ReleaseA|Win32
		{46E0954B-D9BE-48D6-8573-10B4F41E0171}.SDebug|Win32.ActiveCfg = SDebug|Win32
		{46E0954B-D9BE-48D6-8573-10B4F41E0171}.SDebug|Win32.Build.0 = SDebug|Win32
		{46E0954B-D9BE-48D6-8573-10B4F41E0171}.SDebugA|Win32.ActiveCfg = SDebugA|Win32
		{46E0954B-D9BE-48D6-8573-10B4F41E0171}.SDebugA|Win32.Build.0 = SDebugA|Win32
		{46E0954B-D9BE-48D6-8573-10B4F41E0171}.SRelease|Win32.ActiveCfg = SRelease|Win32
		{46E0954B-D9BE-48D6-8573-10B4F41E0171}.SRelease|Win32.Build.0 = SRelease|Win32
		{46E0954B-D9BE-48D6-8573-10B4F41E0171}.SReleaseA|Win32.ActiveCfg = SReleaseA|Win32
		{46E0954B-D9BE-48D6-8573-10B4F41E0171}.SReleaseA|Win32.Build.0 = SReleaseA|Win32
		{56926B91-317D-4797-BB17-9A5558291743}.Debug|Win32.ActiveCfg = Debug|Win32
		{56926B91-317D-4797-BB17-9A5558291743}.Debug|Win32.Build.0 = Debug|Win32
		{56926B91-317D-4797-BB17-9A5558291743}.DebugA|Win32.ActiveCfg = Debug|Win32
		{56926B91-317D-4797-BB17-9A5558291743}.DebugA|Win32.Build.0 = Debug|Win32
		{56926B91-317D-4797-BB17-9A5558291743}.Release|Win32.ActiveCfg = Release|Win32
		{56926B91-317D-4797-BB17-9A5558291743}.Release|Win32.Build.0 = Release|Win32
		{56926B91-317D-4797-BB17-9A5558291743}.ReleaseA|Win32.ActiveCfg = Release|Win32
		{56926B91-317D-4797-BB17-9A5558291743}.ReleaseA|Win32.Build.0 = Release|Win32
		{56926B91-317D-4797-BB17-9A5558291743}.SDebug|Win32.ActiveCfg = Debug|Win32
		{56926B91-317D-4797-BB17-9A5558291743}.SDebug|Win32.Build.0 = Debug|Win32
		{56926B91-317D-4797-BB17-9A5558291743}.SDebugA|Win32.ActiveCfg = Debug|Win32
		{56926B91-317D-4797-BB17-9A5558291743}.SDebugA|Win32.Build.0 = Debug|Win32
		{56926B91-317D-4797-BB17-9A5558291743}.SRelease|Win32.ActiveCfg = Release|Win32
		{56926B91-317D-4797-BB17-9A5558291743}.SRelease|Win32.Build.0 = Release|Win32
		{56926B91-317D-4797-BB17-9A5558291743}.SReleaseA|Win32.ActiveCfg = Release|Win32
		{56926B91-317D-4797-BB17-9A5558291743}.SReleaseA|Win32.Build.0 = Release|Win32
		{F641AB85-61BE-46D7-9656-5E930D1167E4}.Debug|Win32.ActiveCfg = Debug|Win32
		{F641AB85-61BE-46D7-9656-5E930D1167E4}.Debug|Win32.Build.0 = Debug|Win32
		{F641AB85-61BE-46D7-9656-5E930D1167E4}.DebugA|Win32.ActiveCfg = Debug|Win32
		{F641AB85-61BE-46D7-9656-5E930D1167E4}.DebugA|Win32.Build.0 = Debug|Win32
		{F641AB85-61BE-46D7-9656-5E930D1167E4}.Release|Win32.ActiveCfg = Release|Win32
		{F641AB85-61BE-46D7-9656-5E930D1167E4}.Release|Win32.Build.0 = Release|Win32
		{F641AB85-61BE-46D7-9656-5E930D1167E4}.ReleaseA|Win32.ActiveCfg = Release|Win32
		{F641AB85-61BE-46D7-9656-5E930D1167E4}.ReleaseA|Win32.Build.0 = Release|Win32
		{F641AB85-61BE-46D7-9656-5E930D1167E4}.SDebug|Win32.ActiveCfg = Debug|Win32
		{F641AB85-61BE-46D7-9656-5E930D1167E4}.SDebug|Win32.Build.0 = Debug|Win32
		{F641AB85-61BE-46D7-9656-5E930D1167E4}.SDebugA|Win32.ActiveCfg = Debug|Win32
		{F641AB85-61BE-46D7-9656-5E930D1167E4}.SDebugA|Win32.Build.0 = Debug|Win32
		{F641AB85-61BE-46D7-9656-5E930D1167E4}.SRelease|Win32.ActiveCfg = Release|Win32
		{F641AB85-61BE-46D7-9656-5E930D1167E4}.SRelease|Win32.Build.0 = Release|Win32
		{F641AB85-61BE-46D7-9656-5E930D1167E4}.SReleaseA|Win32.ActiveCfg = Release|Win32
		{F641AB85-61BE-46D7-9656-5E930D1167E4}.SReleaseA|Win32.Build.0 = Release|Win32
	EndGlobalSection
	GlobalSection(SolutionProperties) = preSolution
		HideSolutionNode = FALSE
	EndGlobalSection
	GlobalSection(NestedProjects) = preSolution
		{344C05EC-6946-4E0E-AB3D-830FA2BC67EB} = {D01B5755-53F2-4929-B69C-75C99D151E6F}
		{87249FDB-05C4-4C8B-9AEC-776A94F06375} = {D01B5755-53F2-4929-B69C-75C99D151E6F}
		{C552DE01-7E60-42C5-9349-FA25015A93DA} = {D01B5755-53F2-4929-B69C-75C99D151E6F}
		{56926B91-317D-4797-BB17-9A5558291743} = {344C05EC-6946-4E0E-AB3D-830FA2BC67EB}
		{F641AB85-61BE-46D7-9656-5E930D1167E4} = {344C05EC-6946-4E0E-AB3D-830FA2BC67EB}
		{3EF9795D-3509-4664-8E73-8D315CC0B944} = {87249FDB-05C4-4C8B-9AEC-776A94F06375}
		{565089A1-60C0-4281-99D7-A459E7354EEF} = {87249FDB-05C4-4C8B-9AEC-776A94F06375}
		{0278E09B-92AA-4C18-ACB5-EEDF958395B1} = {87249FDB-05C4-4C8B-9AEC-776A94F06375}
		{46E0954B-D9BE-48D6-8573-10B4F41E0171} = {C552DE01-7E60-42C5-9349-FA25015A93DA}
		{2C0EADA2-111E-4D58-B171-B1C896D7A0DE} = {C552DE01-7E60-42C5-9349-FA25015A93DA}
		{54019823-E923-44D0-AD60-8EB636D107DC} = {C552DE01-7E60-42C5-9349-FA25015A93DA}
	EndGlobalSection
EndGlobal
