<?xml version="1.0" encoding="utf-8"?>
<Project ToolsVersion="4.0" xmlns="http://schemas.microsoft.com/developer/msbuild/2003">
  <ItemGroup>
    <Filter Include="Source Files">
      <UniqueIdentifier>{4FC737F1-C7A5-4376-A066-2A32D752A2FF}</UniqueIdentifier>
      <Extensions>cpp;c;cc;cxx;def;odl;idl;hpj;bat;asm;asmx</Extensions>
    </Filter>
    <Filter Include="Header Files">
      <UniqueIdentifier>{93995380-89BD-4b04-88EB-625FBE52EBFB}</UniqueIdentifier>
      <Extensions>h;hpp;hxx;hm;inl;inc;xsd</Extensions>
    </Filter>
    <Filter Include="Resource Files">
      <UniqueIdentifier>{67DA6AB6-F800-4c08-8B7A-83BB121AAD01}</UniqueIdentifier>
      <Extensions>rc;ico;cur;bmp;dlg;rc2;rct;bin;rgs;gif;jpg;jpeg;jpe;resx;tiff;tif;png;wav</Extensions>
    </Filter>
    <Filter Include="CPUID">
      <UniqueIdentifier>{e39a4447-2c3f-483e-b6f5-65713ae8146b}</UniqueIdentifier>
    </Filter>
    <Filter Include="Motion">
      <UniqueIdentifier>{f79b225c-161f-4424-824e-b62630869a2b}</UniqueIdentifier>
    </Filter>
    <Filter Include="Interface">
      <UniqueIdentifier>{e184f04d-fc6e-45a6-b235-0537d6603ecd}</UniqueIdentifier>
    </Filter>
    <Filter Include="Image">
      <UniqueIdentifier>{d2a9c9f5-1244-4aba-b039-9c7084a7535b}</UniqueIdentifier>
    </Filter>
    <Filter Include="Graph">
      <UniqueIdentifier>{10b43b44-6ae2-4b18-b0c6-d55efb93287e}</UniqueIdentifier>
    </Filter>
  </ItemGroup>
  <ItemGroup>
    <ClCompile Include="dllmain.cpp">
      <Filter>Source Files</Filter>
    </ClCompile>
    <ClCompile Include="Effect.cpp">
      <Filter>Source Files</Filter>
    </ClCompile>
    <ClCompile Include="stdafx.cpp">
      <Filter>Source Files</Filter>
    </ClCompile>
    <ClCompile Include="UiFeatureEffect.cpp">
      <Filter>Source Files</Filter>
    </ClCompile>
    <ClCompile Include="Image\ColorHelper.cpp">
      <Filter>Image</Filter>
    </ClCompile>
    <ClCompile Include="Image\ImageProcess.cpp">
      <Filter>Image</Filter>
    </ClCompile>
  </ItemGroup>
  <ItemGroup>
    <None Include="UiFeatureEffect.def">
      <Filter>Source Files</Filter>
    </None>
  </ItemGroup>
  <ItemGroup>
    <ClInclude Include="Effect.h">
      <Filter>Header Files</Filter>
    </ClInclude>
    <ClInclude Include="IEffect.h">
      <Filter>Header Files</Filter>
    </ClInclude>
    <ClInclude Include="resource.h">
      <Filter>Header Files</Filter>
    </ClInclude>
    <ClInclude Include="stdafx.h">
      <Filter>Header Files</Filter>
    </ClInclude>
    <ClInclude Include="targetver.h">
      <Filter>Header Files</Filter>
    </ClInclude>
    <ClInclude Include="UiFeatureEffect.h">
      <Filter>Header Files</Filter>
    </ClInclude>
    <ClInclude Include="CPUID\CPUID.h">
      <Filter>CPUID</Filter>
    </ClInclude>
    <ClInclude Include="Motion\Motion.h">
      <Filter>Motion</Filter>
    </ClInclude>
    <ClInclude Include="Interface\IUIEffect.h">
      <Filter>Interface</Filter>
    </ClInclude>
    <ClInclude Include="Image\ColorHelper.h">
      <Filter>Image</Filter>
    </ClInclude>
    <ClInclude Include="Image\ImageProcess.h">
      <Filter>Image</Filter>
    </ClInclude>
    <ClInclude Include="Graph\Graph_Def.h">
      <Filter>Graph</Filter>
    </ClInclude>
    <ClInclude Include="Graph\Graph_Line.h">
      <Filter>Graph</Filter>
    </ClInclude>
    <ClInclude Include="Graph\Graph_Math.h">
      <Filter>Graph</Filter>
    </ClInclude>
    <ClInclude Include="Graph\Graph_Matrix.h">
      <Filter>Graph</Filter>
    </ClInclude>
    <ClInclude Include="Graph\Graph_Projection.h">
      <Filter>Graph</Filter>
    </ClInclude>
    <ClInclude Include="Graph\Graph_Rect.h">
      <Filter>Graph</Filter>
    </ClInclude>
    <ClInclude Include="Graph\Graph_Vector.h">
      <Filter>Graph</Filter>
    </ClInclude>
    <ClInclude Include="Graph\Graph_View.h">
      <Filter>Graph</Filter>
    </ClInclude>
    <ClInclude Include="Graph\Graph_WarpMatrix.h">
      <Filter>Graph</Filter>
    </ClInclude>
  </ItemGroup>
  <ItemGroup>
    <ResourceCompile Include="UiFeatureEffect.rc">
      <Filter>Resource Files</Filter>
    </ResourceCompile>
  </ItemGroup>
</Project>