<?xml version="1.0" encoding="utf-8"?>
<Project ToolsVersion="4.0" xmlns="http://schemas.microsoft.com/developer/msbuild/2003">
  <ItemGroup>
    <Filter Include="include">
      <UniqueIdentifier>{51a1c567-e330-484c-9bbc-f2c0fd85d035}</UniqueIdentifier>
    </Filter>
    <Filter Include="include\internal">
      <UniqueIdentifier>{1aa721ac-a020-4463-818b-8709fa9aa31c}</UniqueIdentifier>
    </Filter>
    <Filter Include="include\capi">
      <UniqueIdentifier>{f3c129e7-4910-44ec-9947-37bed34b3656}</UniqueIdentifier>
    </Filter>
    <Filter Include="include\wrapper">
      <UniqueIdentifier>{e0499a42-d799-4ff2-99c2-d7ecebdbf576}</UniqueIdentifier>
    </Filter>
    <Filter Include="libcef_dll">
      <UniqueIdentifier>{a56c0395-0d62-46cb-a7f5-217ebbb22286}</UniqueIdentifier>
    </Filter>
    <Filter Include="libcef_dll\ctocpp">
      <UniqueIdentifier>{f4de34b9-5862-4782-90b1-3266afd88765}</UniqueIdentifier>
    </Filter>
    <Filter Include="libcef_dll\wrapper">
      <UniqueIdentifier>{8a427886-8011-4763-943f-86348a22d994}</UniqueIdentifier>
    </Filter>
    <Filter Include="libcef_dll\cpptoc">
      <UniqueIdentifier>{6fc11650-64d2-4c25-b59e-bfc439900ff5}</UniqueIdentifier>
    </Filter>
    <Filter Include="lib">
      <UniqueIdentifier>{6734e8c7-f066-4166-b005-f7e3711d45bb}</UniqueIdentifier>
    </Filter>
  </ItemGroup>
  <ItemGroup>
    <ClInclude Include="include\cef_app.h">
      <Filter>include</Filter>
    </ClInclude>
    <ClInclude Include="include\cef_base.h">
      <Filter>include</Filter>
    </ClInclude>
    <ClInclude Include="include\cef_browser.h">
      <Filter>include</Filter>
    </ClInclude>
    <ClInclude Include="include\cef_browser_process_handler.h">
      <Filter>include</Filter>
    </ClInclude>
    <ClInclude Include="include\cef_callback.h">
      <Filter>include</Filter>
    </ClInclude>
    <ClInclude Include="include\cef_client.h">
      <Filter>include</Filter>
    </ClInclude>
    <ClInclude Include="include\cef_command_line.h">
      <Filter>include</Filter>
    </ClInclude>
    <ClInclude Include="include\cef_context_menu_handler.h">
      <Filter>include</Filter>
    </ClInclude>
    <ClInclude Include="include\cef_cookie.h">
      <Filter>include</Filter>
    </ClInclude>
    <ClInclude Include="include\cef_display_handler.h">
      <Filter>include</Filter>
    </ClInclude>
    <ClInclude Include="include\cef_dom.h">
      <Filter>include</Filter>
    </ClInclude>
    <ClInclude Include="include\cef_download_handler.h">
      <Filter>include</Filter>
    </ClInclude>
    <ClInclude Include="include\cef_download_item.h">
      <Filter>include</Filter>
    </ClInclude>
    <ClInclude Include="include\cef_focus_handler.h">
      <Filter>include</Filter>
    </ClInclude>
    <ClInclude Include="include\cef_frame.h">
      <Filter>include</Filter>
    </ClInclude>
    <ClInclude Include="include\cef_geolocation_handler.h">
      <Filter>include</Filter>
    </ClInclude>
    <ClInclude Include="include\cef_jsdialog_handler.h">
      <Filter>include</Filter>
    </ClInclude>
    <ClInclude Include="include\cef_keyboard_handler.h">
      <Filter>include</Filter>
    </ClInclude>
    <ClInclude Include="include\cef_life_span_handler.h">
      <Filter>include</Filter>
    </ClInclude>
    <ClInclude Include="include\cef_load_handler.h">
      <Filter>include</Filter>
    </ClInclude>
    <ClInclude Include="include\cef_menu_model.h">
      <Filter>include</Filter>
    </ClInclude>
    <ClInclude Include="include\cef_origin_whitelist.h">
      <Filter>include</Filter>
    </ClInclude>
    <ClInclude Include="include\cef_pack_resources.h">
      <Filter>include</Filter>
    </ClInclude>
    <ClInclude Include="include\cef_pack_strings.h">
      <Filter>include</Filter>
    </ClInclude>
    <ClInclude Include="include\cef_path_util.h">
      <Filter>include</Filter>
    </ClInclude>
    <ClInclude Include="include\cef_process_message.h">
      <Filter>include</Filter>
    </ClInclude>
    <ClInclude Include="include\cef_process_util.h">
      <Filter>include</Filter>
    </ClInclude>
    <ClInclude Include="include\cef_proxy_handler.h">
      <Filter>include</Filter>
    </ClInclude>
    <ClInclude Include="include\cef_render_process_handler.h">
      <Filter>include</Filter>
    </ClInclude>
    <ClInclude Include="include\cef_request.h">
      <Filter>include</Filter>
    </ClInclude>
    <ClInclude Include="include\cef_request_handler.h">
      <Filter>include</Filter>
    </ClInclude>
    <ClInclude Include="include\cef_resource_bundle_handler.h">
      <Filter>include</Filter>
    </ClInclude>
    <ClInclude Include="include\cef_resource_handler.h">
      <Filter>include</Filter>
    </ClInclude>
    <ClInclude Include="include\cef_response.h">
      <Filter>include</Filter>
    </ClInclude>
    <ClInclude Include="include\cef_runnable.h">
      <Filter>include</Filter>
    </ClInclude>
    <ClInclude Include="include\cef_scheme.h">
      <Filter>include</Filter>
    </ClInclude>
    <ClInclude Include="include\cef_stream.h">
      <Filter>include</Filter>
    </ClInclude>
    <ClInclude Include="include\cef_string_visitor.h">
      <Filter>include</Filter>
    </ClInclude>
    <ClInclude Include="include\cef_task.h">
      <Filter>include</Filter>
    </ClInclude>
    <ClInclude Include="include\cef_url.h">
      <Filter>include</Filter>
    </ClInclude>
    <ClInclude Include="include\cef_urlrequest.h">
      <Filter>include</Filter>
    </ClInclude>
    <ClInclude Include="include\cef_v8.h">
      <Filter>include</Filter>
    </ClInclude>
    <ClInclude Include="include\cef_values.h">
      <Filter>include</Filter>
    </ClInclude>
    <ClInclude Include="include\cef_version.h">
      <Filter>include</Filter>
    </ClInclude>
    <ClInclude Include="include\cef_web_plugin.h">
      <Filter>include</Filter>
    </ClInclude>
    <ClInclude Include="include\cef_xml_reader.h">
      <Filter>include</Filter>
    </ClInclude>
    <ClInclude Include="include\cef_zip_reader.h">
      <Filter>include</Filter>
    </ClInclude>
    <ClInclude Include="include\internal\cef_build.h">
      <Filter>include\internal</Filter>
    </ClInclude>
    <ClInclude Include="include\internal\cef_export.h">
      <Filter>include\internal</Filter>
    </ClInclude>
    <ClInclude Include="include\internal\cef_ptr.h">
      <Filter>include\internal</Filter>
    </ClInclude>
    <ClInclude Include="include\internal\cef_string.h">
      <Filter>include\internal</Filter>
    </ClInclude>
    <ClInclude Include="include\internal\cef_string_list.h">
      <Filter>include\internal</Filter>
    </ClInclude>
    <ClInclude Include="include\internal\cef_string_map.h">
      <Filter>include\internal</Filter>
    </ClInclude>
    <ClInclude Include="include\internal\cef_string_multimap.h">
      <Filter>include\internal</Filter>
    </ClInclude>
    <ClInclude Include="include\internal\cef_string_types.h">
      <Filter>include\internal</Filter>
    </ClInclude>
    <ClInclude Include="include\internal\cef_string_wrappers.h">
      <Filter>include\internal</Filter>
    </ClInclude>
    <ClInclude Include="include\internal\cef_time.h">
      <Filter>include\internal</Filter>
    </ClInclude>
    <ClInclude Include="include\internal\cef_tuple.h">
      <Filter>include\internal</Filter>
    </ClInclude>
    <ClInclude Include="include\internal\cef_types.h">
      <Filter>include\internal</Filter>
    </ClInclude>
    <ClInclude Include="include\internal\cef_types_wrappers.h">
      <Filter>include\internal</Filter>
    </ClInclude>
    <ClInclude Include="include\capi\cef_app_capi.h">
      <Filter>include\capi</Filter>
    </ClInclude>
    <ClInclude Include="include\capi\cef_base_capi.h">
      <Filter>include\capi</Filter>
    </ClInclude>
    <ClInclude Include="include\capi\cef_browser_capi.h">
      <Filter>include\capi</Filter>
    </ClInclude>
    <ClInclude Include="include\capi\cef_browser_process_handler_capi.h">
      <Filter>include\capi</Filter>
    </ClInclude>
    <ClInclude Include="include\capi\cef_callback_capi.h">
      <Filter>include\capi</Filter>
    </ClInclude>
    <ClInclude Include="include\capi\cef_client_capi.h">
      <Filter>include\capi</Filter>
    </ClInclude>
    <ClInclude Include="include\capi\cef_command_line_capi.h">
      <Filter>include\capi</Filter>
    </ClInclude>
    <ClInclude Include="include\capi\cef_context_menu_handler_capi.h">
      <Filter>include\capi</Filter>
    </ClInclude>
    <ClInclude Include="include\capi\cef_cookie_capi.h">
      <Filter>include\capi</Filter>
    </ClInclude>
    <ClInclude Include="include\capi\cef_display_handler_capi.h">
      <Filter>include\capi</Filter>
    </ClInclude>
    <ClInclude Include="include\capi\cef_dom_capi.h">
      <Filter>include\capi</Filter>
    </ClInclude>
    <ClInclude Include="include\capi\cef_download_handler_capi.h">
      <Filter>include\capi</Filter>
    </ClInclude>
    <ClInclude Include="include\capi\cef_download_item_capi.h">
      <Filter>include\capi</Filter>
    </ClInclude>
    <ClInclude Include="include\capi\cef_focus_handler_capi.h">
      <Filter>include\capi</Filter>
    </ClInclude>
    <ClInclude Include="include\capi\cef_frame_capi.h">
      <Filter>include\capi</Filter>
    </ClInclude>
    <ClInclude Include="include\capi\cef_geolocation_handler_capi.h">
      <Filter>include\capi</Filter>
    </ClInclude>
    <ClInclude Include="include\capi\cef_jsdialog_handler_capi.h">
      <Filter>include\capi</Filter>
    </ClInclude>
    <ClInclude Include="include\capi\cef_keyboard_handler_capi.h">
      <Filter>include\capi</Filter>
    </ClInclude>
    <ClInclude Include="include\capi\cef_life_span_handler_capi.h">
      <Filter>include\capi</Filter>
    </ClInclude>
    <ClInclude Include="include\capi\cef_load_handler_capi.h">
      <Filter>include\capi</Filter>
    </ClInclude>
    <ClInclude Include="include\capi\cef_menu_model_capi.h">
      <Filter>include\capi</Filter>
    </ClInclude>
    <ClInclude Include="include\capi\cef_origin_whitelist_capi.h">
      <Filter>include\capi</Filter>
    </ClInclude>
    <ClInclude Include="include\capi\cef_path_util_capi.h">
      <Filter>include\capi</Filter>
    </ClInclude>
    <ClInclude Include="include\capi\cef_process_message_capi.h">
      <Filter>include\capi</Filter>
    </ClInclude>
    <ClInclude Include="include\capi\cef_process_util_capi.h">
      <Filter>include\capi</Filter>
    </ClInclude>
    <ClInclude Include="include\capi\cef_proxy_handler_capi.h">
      <Filter>include\capi</Filter>
    </ClInclude>
    <ClInclude Include="include\capi\cef_render_process_handler_capi.h">
      <Filter>include\capi</Filter>
    </ClInclude>
    <ClInclude Include="include\capi\cef_request_capi.h">
      <Filter>include\capi</Filter>
    </ClInclude>
    <ClInclude Include="include\capi\cef_request_handler_capi.h">
      <Filter>include\capi</Filter>
    </ClInclude>
    <ClInclude Include="include\capi\cef_resource_bundle_handler_capi.h">
      <Filter>include\capi</Filter>
    </ClInclude>
    <ClInclude Include="include\capi\cef_resource_handler_capi.h">
      <Filter>include\capi</Filter>
    </ClInclude>
    <ClInclude Include="include\capi\cef_response_capi.h">
      <Filter>include\capi</Filter>
    </ClInclude>
    <ClInclude Include="include\capi\cef_scheme_capi.h">
      <Filter>include\capi</Filter>
    </ClInclude>
    <ClInclude Include="include\capi\cef_stream_capi.h">
      <Filter>include\capi</Filter>
    </ClInclude>
    <ClInclude Include="include\capi\cef_string_visitor_capi.h">
      <Filter>include\capi</Filter>
    </ClInclude>
    <ClInclude Include="include\capi\cef_task_capi.h">
      <Filter>include\capi</Filter>
    </ClInclude>
    <ClInclude Include="include\capi\cef_url_capi.h">
      <Filter>include\capi</Filter>
    </ClInclude>
    <ClInclude Include="include\capi\cef_urlrequest_capi.h">
      <Filter>include\capi</Filter>
    </ClInclude>
    <ClInclude Include="include\capi\cef_v8_capi.h">
      <Filter>include\capi</Filter>
    </ClInclude>
    <ClInclude Include="include\capi\cef_values_capi.h">
      <Filter>include\capi</Filter>
    </ClInclude>
    <ClInclude Include="include\capi\cef_web_plugin_capi.h">
      <Filter>include\capi</Filter>
    </ClInclude>
    <ClInclude Include="include\capi\cef_xml_reader_capi.h">
      <Filter>include\capi</Filter>
    </ClInclude>
    <ClInclude Include="include\capi\cef_zip_reader_capi.h">
      <Filter>include\capi</Filter>
    </ClInclude>
    <ClInclude Include="include\wrapper\cef_byte_read_handler.h">
      <Filter>include\wrapper</Filter>
    </ClInclude>
    <ClInclude Include="include\wrapper\cef_stream_resource_handler.h">
      <Filter>include\wrapper</Filter>
    </ClInclude>
    <ClInclude Include="include\wrapper\cef_xml_object.h">
      <Filter>include\wrapper</Filter>
    </ClInclude>
    <ClInclude Include="include\wrapper\cef_zip_archive.h">
      <Filter>include\wrapper</Filter>
    </ClInclude>
    <ClInclude Include="libcef_dll\cef_logging.h">
      <Filter>libcef_dll</Filter>
    </ClInclude>
    <ClInclude Include="libcef_dll\transfer_util.h">
      <Filter>libcef_dll</Filter>
    </ClInclude>
    <ClInclude Include="libcef_dll\ctocpp\auth_callback_ctocpp.h">
      <Filter>libcef_dll\ctocpp</Filter>
    </ClInclude>
    <ClInclude Include="libcef_dll\ctocpp\base_ctocpp.h">
      <Filter>libcef_dll\ctocpp</Filter>
    </ClInclude>
    <ClInclude Include="libcef_dll\ctocpp\before_download_callback_ctocpp.h">
      <Filter>libcef_dll\ctocpp</Filter>
    </ClInclude>
    <ClInclude Include="libcef_dll\ctocpp\binary_value_ctocpp.h">
      <Filter>libcef_dll\ctocpp</Filter>
    </ClInclude>
    <ClInclude Include="libcef_dll\ctocpp\browser_ctocpp.h">
      <Filter>libcef_dll\ctocpp</Filter>
    </ClInclude>
    <ClInclude Include="libcef_dll\ctocpp\browser_host_ctocpp.h">
      <Filter>libcef_dll\ctocpp</Filter>
    </ClInclude>
    <ClInclude Include="libcef_dll\ctocpp\callback_ctocpp.h">
      <Filter>libcef_dll\ctocpp</Filter>
    </ClInclude>
    <ClInclude Include="libcef_dll\ctocpp\command_line_ctocpp.h">
      <Filter>libcef_dll\ctocpp</Filter>
    </ClInclude>
    <ClInclude Include="libcef_dll\ctocpp\context_menu_params_ctocpp.h">
      <Filter>libcef_dll\ctocpp</Filter>
    </ClInclude>
    <ClInclude Include="libcef_dll\ctocpp\cookie_manager_ctocpp.h">
      <Filter>libcef_dll\ctocpp</Filter>
    </ClInclude>
    <ClInclude Include="libcef_dll\ctocpp\ctocpp.h">
      <Filter>libcef_dll\ctocpp</Filter>
    </ClInclude>
    <ClInclude Include="libcef_dll\ctocpp\dictionary_value_ctocpp.h">
      <Filter>libcef_dll\ctocpp</Filter>
    </ClInclude>
    <ClInclude Include="libcef_dll\ctocpp\domdocument_ctocpp.h">
      <Filter>libcef_dll\ctocpp</Filter>
    </ClInclude>
    <ClInclude Include="libcef_dll\ctocpp\domnode_ctocpp.h">
      <Filter>libcef_dll\ctocpp</Filter>
    </ClInclude>
    <ClInclude Include="libcef_dll\ctocpp\download_item_callback_ctocpp.h">
      <Filter>libcef_dll\ctocpp</Filter>
    </ClInclude>
    <ClInclude Include="libcef_dll\ctocpp\download_item_ctocpp.h">
      <Filter>libcef_dll\ctocpp</Filter>
    </ClInclude>
    <ClInclude Include="libcef_dll\ctocpp\frame_ctocpp.h">
      <Filter>libcef_dll\ctocpp</Filter>
    </ClInclude>
    <ClInclude Include="libcef_dll\ctocpp\geolocation_callback_ctocpp.h">
      <Filter>libcef_dll\ctocpp</Filter>
    </ClInclude>
    <ClInclude Include="libcef_dll\ctocpp\jsdialog_callback_ctocpp.h">
      <Filter>libcef_dll\ctocpp</Filter>
    </ClInclude>
    <ClInclude Include="libcef_dll\ctocpp\list_value_ctocpp.h">
      <Filter>libcef_dll\ctocpp</Filter>
    </ClInclude>
    <ClInclude Include="libcef_dll\ctocpp\menu_model_ctocpp.h">
      <Filter>libcef_dll\ctocpp</Filter>
    </ClInclude>
    <ClInclude Include="libcef_dll\ctocpp\post_data_ctocpp.h">
      <Filter>libcef_dll\ctocpp</Filter>
    </ClInclude>
    <ClInclude Include="libcef_dll\ctocpp\post_data_element_ctocpp.h">
      <Filter>libcef_dll\ctocpp</Filter>
    </ClInclude>
    <ClInclude Include="libcef_dll\ctocpp\process_message_ctocpp.h">
      <Filter>libcef_dll\ctocpp</Filter>
    </ClInclude>
    <ClInclude Include="libcef_dll\ctocpp\request_ctocpp.h">
      <Filter>libcef_dll\ctocpp</Filter>
    </ClInclude>
    <ClInclude Include="libcef_dll\ctocpp\response_ctocpp.h">
      <Filter>libcef_dll\ctocpp</Filter>
    </ClInclude>
    <ClInclude Include="libcef_dll\ctocpp\scheme_registrar_ctocpp.h">
      <Filter>libcef_dll\ctocpp</Filter>
    </ClInclude>
    <ClInclude Include="libcef_dll\ctocpp\stream_reader_ctocpp.h">
      <Filter>libcef_dll\ctocpp</Filter>
    </ClInclude>
    <ClInclude Include="libcef_dll\ctocpp\stream_writer_ctocpp.h">
      <Filter>libcef_dll\ctocpp</Filter>
    </ClInclude>
    <ClInclude Include="libcef_dll\ctocpp\urlrequest_ctocpp.h">
      <Filter>libcef_dll\ctocpp</Filter>
    </ClInclude>
    <ClInclude Include="libcef_dll\ctocpp\v8context_ctocpp.h">
      <Filter>libcef_dll\ctocpp</Filter>
    </ClInclude>
    <ClInclude Include="libcef_dll\ctocpp\v8exception_ctocpp.h">
      <Filter>libcef_dll\ctocpp</Filter>
    </ClInclude>
    <ClInclude Include="libcef_dll\ctocpp\v8value_ctocpp.h">
      <Filter>libcef_dll\ctocpp</Filter>
    </ClInclude>
    <ClInclude Include="libcef_dll\ctocpp\web_plugin_info_ctocpp.h">
      <Filter>libcef_dll\ctocpp</Filter>
    </ClInclude>
    <ClInclude Include="libcef_dll\ctocpp\xml_reader_ctocpp.h">
      <Filter>libcef_dll\ctocpp</Filter>
    </ClInclude>
    <ClInclude Include="libcef_dll\ctocpp\zip_reader_ctocpp.h">
      <Filter>libcef_dll\ctocpp</Filter>
    </ClInclude>
    <ClInclude Include="libcef_dll\cpptoc\app_cpptoc.h">
      <Filter>libcef_dll\cpptoc</Filter>
    </ClInclude>
    <ClInclude Include="libcef_dll\cpptoc\base_cpptoc.h">
      <Filter>libcef_dll\cpptoc</Filter>
    </ClInclude>
    <ClInclude Include="libcef_dll\cpptoc\browser_process_handler_cpptoc.h">
      <Filter>libcef_dll\cpptoc</Filter>
    </ClInclude>
    <ClInclude Include="libcef_dll\cpptoc\client_cpptoc.h">
      <Filter>libcef_dll\cpptoc</Filter>
    </ClInclude>
    <ClInclude Include="libcef_dll\cpptoc\context_menu_handler_cpptoc.h">
      <Filter>libcef_dll\cpptoc</Filter>
    </ClInclude>
    <ClInclude Include="libcef_dll\cpptoc\cookie_visitor_cpptoc.h">
      <Filter>libcef_dll\cpptoc</Filter>
    </ClInclude>
    <ClInclude Include="libcef_dll\cpptoc\cpptoc.h">
      <Filter>libcef_dll\cpptoc</Filter>
    </ClInclude>
    <ClInclude Include="libcef_dll\cpptoc\display_handler_cpptoc.h">
      <Filter>libcef_dll\cpptoc</Filter>
    </ClInclude>
    <ClInclude Include="libcef_dll\cpptoc\domvisitor_cpptoc.h">
      <Filter>libcef_dll\cpptoc</Filter>
    </ClInclude>
    <ClInclude Include="libcef_dll\cpptoc\download_handler_cpptoc.h">
      <Filter>libcef_dll\cpptoc</Filter>
    </ClInclude>
    <ClInclude Include="libcef_dll\cpptoc\focus_handler_cpptoc.h">
      <Filter>libcef_dll\cpptoc</Filter>
    </ClInclude>
    <ClInclude Include="libcef_dll\cpptoc\geolocation_handler_cpptoc.h">
      <Filter>libcef_dll\cpptoc</Filter>
    </ClInclude>
    <ClInclude Include="libcef_dll\cpptoc\jsdialog_handler_cpptoc.h">
      <Filter>libcef_dll\cpptoc</Filter>
    </ClInclude>
    <ClInclude Include="libcef_dll\cpptoc\keyboard_handler_cpptoc.h">
      <Filter>libcef_dll\cpptoc</Filter>
    </ClInclude>
    <ClInclude Include="libcef_dll\cpptoc\life_span_handler_cpptoc.h">
      <Filter>libcef_dll\cpptoc</Filter>
    </ClInclude>
    <ClInclude Include="libcef_dll\cpptoc\load_handler_cpptoc.h">
      <Filter>libcef_dll\cpptoc</Filter>
    </ClInclude>
    <ClInclude Include="libcef_dll\cpptoc\read_handler_cpptoc.h">
      <Filter>libcef_dll\cpptoc</Filter>
    </ClInclude>
    <ClInclude Include="libcef_dll\cpptoc\render_process_handler_cpptoc.h">
      <Filter>libcef_dll\cpptoc</Filter>
    </ClInclude>
    <ClInclude Include="libcef_dll\cpptoc\request_handler_cpptoc.h">
      <Filter>libcef_dll\cpptoc</Filter>
    </ClInclude>
    <ClInclude Include="libcef_dll\cpptoc\resource_bundle_handler_cpptoc.h">
      <Filter>libcef_dll\cpptoc</Filter>
    </ClInclude>
    <ClInclude Include="libcef_dll\cpptoc\resource_handler_cpptoc.h">
      <Filter>libcef_dll\cpptoc</Filter>
    </ClInclude>
    <ClInclude Include="libcef_dll\cpptoc\scheme_handler_factory_cpptoc.h">
      <Filter>libcef_dll\cpptoc</Filter>
    </ClInclude>
    <ClInclude Include="libcef_dll\cpptoc\string_visitor_cpptoc.h">
      <Filter>libcef_dll\cpptoc</Filter>
    </ClInclude>
    <ClInclude Include="libcef_dll\cpptoc\task_cpptoc.h">
      <Filter>libcef_dll\cpptoc</Filter>
    </ClInclude>
    <ClInclude Include="libcef_dll\cpptoc\urlrequest_client_cpptoc.h">
      <Filter>libcef_dll\cpptoc</Filter>
    </ClInclude>
    <ClInclude Include="libcef_dll\cpptoc\v8accessor_cpptoc.h">
      <Filter>libcef_dll\cpptoc</Filter>
    </ClInclude>
    <ClInclude Include="libcef_dll\cpptoc\v8handler_cpptoc.h">
      <Filter>libcef_dll\cpptoc</Filter>
    </ClInclude>
    <ClInclude Include="libcef_dll\cpptoc\web_plugin_info_visitor_cpptoc.h">
      <Filter>libcef_dll\cpptoc</Filter>
    </ClInclude>
    <ClInclude Include="libcef_dll\cpptoc\write_handler_cpptoc.h">
      <Filter>libcef_dll\cpptoc</Filter>
    </ClInclude>
  </ItemGroup>
  <ItemGroup>
    <ClCompile Include="libcef_dll\ctocpp\auth_callback_ctocpp.cc">
      <Filter>libcef_dll\ctocpp</Filter>
    </ClCompile>
    <ClCompile Include="libcef_dll\ctocpp\before_download_callback_ctocpp.cc">
      <Filter>libcef_dll\ctocpp</Filter>
    </ClCompile>
    <ClCompile Include="libcef_dll\ctocpp\binary_value_ctocpp.cc">
      <Filter>libcef_dll\ctocpp</Filter>
    </ClCompile>
    <ClCompile Include="libcef_dll\ctocpp\browser_ctocpp.cc">
      <Filter>libcef_dll\ctocpp</Filter>
    </ClCompile>
    <ClCompile Include="libcef_dll\ctocpp\browser_host_ctocpp.cc">
      <Filter>libcef_dll\ctocpp</Filter>
    </ClCompile>
    <ClCompile Include="libcef_dll\ctocpp\callback_ctocpp.cc">
      <Filter>libcef_dll\ctocpp</Filter>
    </ClCompile>
    <ClCompile Include="libcef_dll\ctocpp\command_line_ctocpp.cc">
      <Filter>libcef_dll\ctocpp</Filter>
    </ClCompile>
    <ClCompile Include="libcef_dll\ctocpp\context_menu_params_ctocpp.cc">
      <Filter>libcef_dll\ctocpp</Filter>
    </ClCompile>
    <ClCompile Include="libcef_dll\ctocpp\cookie_manager_ctocpp.cc">
      <Filter>libcef_dll\ctocpp</Filter>
    </ClCompile>
    <ClCompile Include="libcef_dll\ctocpp\dictionary_value_ctocpp.cc">
      <Filter>libcef_dll\ctocpp</Filter>
    </ClCompile>
    <ClCompile Include="libcef_dll\ctocpp\domdocument_ctocpp.cc">
      <Filter>libcef_dll\ctocpp</Filter>
    </ClCompile>
    <ClCompile Include="libcef_dll\ctocpp\domnode_ctocpp.cc">
      <Filter>libcef_dll\ctocpp</Filter>
    </ClCompile>
    <ClCompile Include="libcef_dll\ctocpp\download_item_callback_ctocpp.cc">
      <Filter>libcef_dll\ctocpp</Filter>
    </ClCompile>
    <ClCompile Include="libcef_dll\ctocpp\download_item_ctocpp.cc">
      <Filter>libcef_dll\ctocpp</Filter>
    </ClCompile>
    <ClCompile Include="libcef_dll\ctocpp\frame_ctocpp.cc">
      <Filter>libcef_dll\ctocpp</Filter>
    </ClCompile>
    <ClCompile Include="libcef_dll\ctocpp\geolocation_callback_ctocpp.cc">
      <Filter>libcef_dll\ctocpp</Filter>
    </ClCompile>
    <ClCompile Include="libcef_dll\ctocpp\jsdialog_callback_ctocpp.cc">
      <Filter>libcef_dll\ctocpp</Filter>
    </ClCompile>
    <ClCompile Include="libcef_dll\ctocpp\list_value_ctocpp.cc">
      <Filter>libcef_dll\ctocpp</Filter>
    </ClCompile>
    <ClCompile Include="libcef_dll\ctocpp\menu_model_ctocpp.cc">
      <Filter>libcef_dll\ctocpp</Filter>
    </ClCompile>
    <ClCompile Include="libcef_dll\ctocpp\post_data_ctocpp.cc">
      <Filter>libcef_dll\ctocpp</Filter>
    </ClCompile>
    <ClCompile Include="libcef_dll\ctocpp\post_data_element_ctocpp.cc">
      <Filter>libcef_dll\ctocpp</Filter>
    </ClCompile>
    <ClCompile Include="libcef_dll\ctocpp\process_message_ctocpp.cc">
      <Filter>libcef_dll\ctocpp</Filter>
    </ClCompile>
    <ClCompile Include="libcef_dll\ctocpp\request_ctocpp.cc">
      <Filter>libcef_dll\ctocpp</Filter>
    </ClCompile>
    <ClCompile Include="libcef_dll\ctocpp\response_ctocpp.cc">
      <Filter>libcef_dll\ctocpp</Filter>
    </ClCompile>
    <ClCompile Include="libcef_dll\ctocpp\scheme_registrar_ctocpp.cc">
      <Filter>libcef_dll\ctocpp</Filter>
    </ClCompile>
    <ClCompile Include="libcef_dll\ctocpp\stream_reader_ctocpp.cc">
      <Filter>libcef_dll\ctocpp</Filter>
    </ClCompile>
    <ClCompile Include="libcef_dll\ctocpp\stream_writer_ctocpp.cc">
      <Filter>libcef_dll\ctocpp</Filter>
    </ClCompile>
    <ClCompile Include="libcef_dll\ctocpp\urlrequest_ctocpp.cc">
      <Filter>libcef_dll\ctocpp</Filter>
    </ClCompile>
    <ClCompile Include="libcef_dll\ctocpp\v8context_ctocpp.cc">
      <Filter>libcef_dll\ctocpp</Filter>
    </ClCompile>
    <ClCompile Include="libcef_dll\ctocpp\v8exception_ctocpp.cc">
      <Filter>libcef_dll\ctocpp</Filter>
    </ClCompile>
    <ClCompile Include="libcef_dll\ctocpp\v8value_ctocpp.cc">
      <Filter>libcef_dll\ctocpp</Filter>
    </ClCompile>
    <ClCompile Include="libcef_dll\ctocpp\web_plugin_info_ctocpp.cc">
      <Filter>libcef_dll\ctocpp</Filter>
    </ClCompile>
    <ClCompile Include="libcef_dll\ctocpp\xml_reader_ctocpp.cc">
      <Filter>libcef_dll\ctocpp</Filter>
    </ClCompile>
    <ClCompile Include="libcef_dll\ctocpp\zip_reader_ctocpp.cc">
      <Filter>libcef_dll\ctocpp</Filter>
    </ClCompile>
    <ClCompile Include="libcef_dll\wrapper\cef_byte_read_handler.cc">
      <Filter>libcef_dll\wrapper</Filter>
    </ClCompile>
    <ClCompile Include="libcef_dll\wrapper\cef_stream_resource_handler.cc">
      <Filter>libcef_dll\wrapper</Filter>
    </ClCompile>
    <ClCompile Include="libcef_dll\wrapper\cef_xml_object.cc">
      <Filter>libcef_dll\wrapper</Filter>
    </ClCompile>
    <ClCompile Include="libcef_dll\wrapper\cef_zip_archive.cc">
      <Filter>libcef_dll\wrapper</Filter>
    </ClCompile>
    <ClCompile Include="libcef_dll\wrapper\libcef_dll_wrapper.cc">
      <Filter>libcef_dll\wrapper</Filter>
    </ClCompile>
    <ClCompile Include="libcef_dll\wrapper\libcef_dll_wrapper2.cc">
      <Filter>libcef_dll\wrapper</Filter>
    </ClCompile>
    <ClCompile Include="libcef_dll\cpptoc\app_cpptoc.cc">
      <Filter>libcef_dll\cpptoc</Filter>
    </ClCompile>
    <ClCompile Include="libcef_dll\cpptoc\browser_process_handler_cpptoc.cc">
      <Filter>libcef_dll\cpptoc</Filter>
    </ClCompile>
    <ClCompile Include="libcef_dll\cpptoc\client_cpptoc.cc">
      <Filter>libcef_dll\cpptoc</Filter>
    </ClCompile>
    <ClCompile Include="libcef_dll\cpptoc\context_menu_handler_cpptoc.cc">
      <Filter>libcef_dll\cpptoc</Filter>
    </ClCompile>
    <ClCompile Include="libcef_dll\cpptoc\cookie_visitor_cpptoc.cc">
      <Filter>libcef_dll\cpptoc</Filter>
    </ClCompile>
    <ClCompile Include="libcef_dll\cpptoc\display_handler_cpptoc.cc">
      <Filter>libcef_dll\cpptoc</Filter>
    </ClCompile>
    <ClCompile Include="libcef_dll\cpptoc\domvisitor_cpptoc.cc">
      <Filter>libcef_dll\cpptoc</Filter>
    </ClCompile>
    <ClCompile Include="libcef_dll\cpptoc\download_handler_cpptoc.cc">
      <Filter>libcef_dll\cpptoc</Filter>
    </ClCompile>
    <ClCompile Include="libcef_dll\cpptoc\focus_handler_cpptoc.cc">
      <Filter>libcef_dll\cpptoc</Filter>
    </ClCompile>
    <ClCompile Include="libcef_dll\cpptoc\geolocation_handler_cpptoc.cc">
      <Filter>libcef_dll\cpptoc</Filter>
    </ClCompile>
    <ClCompile Include="libcef_dll\cpptoc\jsdialog_handler_cpptoc.cc">
      <Filter>libcef_dll\cpptoc</Filter>
    </ClCompile>
    <ClCompile Include="libcef_dll\cpptoc\keyboard_handler_cpptoc.cc">
      <Filter>libcef_dll\cpptoc</Filter>
    </ClCompile>
    <ClCompile Include="libcef_dll\cpptoc\life_span_handler_cpptoc.cc">
      <Filter>libcef_dll\cpptoc</Filter>
    </ClCompile>
    <ClCompile Include="libcef_dll\cpptoc\load_handler_cpptoc.cc">
      <Filter>libcef_dll\cpptoc</Filter>
    </ClCompile>
    <ClCompile Include="libcef_dll\cpptoc\read_handler_cpptoc.cc">
      <Filter>libcef_dll\cpptoc</Filter>
    </ClCompile>
    <ClCompile Include="libcef_dll\cpptoc\render_process_handler_cpptoc.cc">
      <Filter>libcef_dll\cpptoc</Filter>
    </ClCompile>
    <ClCompile Include="libcef_dll\cpptoc\request_handler_cpptoc.cc">
      <Filter>libcef_dll\cpptoc</Filter>
    </ClCompile>
    <ClCompile Include="libcef_dll\cpptoc\resource_bundle_handler_cpptoc.cc">
      <Filter>libcef_dll\cpptoc</Filter>
    </ClCompile>
    <ClCompile Include="libcef_dll\cpptoc\resource_handler_cpptoc.cc">
      <Filter>libcef_dll\cpptoc</Filter>
    </ClCompile>
    <ClCompile Include="libcef_dll\cpptoc\scheme_handler_factory_cpptoc.cc">
      <Filter>libcef_dll\cpptoc</Filter>
    </ClCompile>
    <ClCompile Include="libcef_dll\cpptoc\string_visitor_cpptoc.cc">
      <Filter>libcef_dll\cpptoc</Filter>
    </ClCompile>
    <ClCompile Include="libcef_dll\cpptoc\task_cpptoc.cc">
      <Filter>libcef_dll\cpptoc</Filter>
    </ClCompile>
    <ClCompile Include="libcef_dll\cpptoc\urlrequest_client_cpptoc.cc">
      <Filter>libcef_dll\cpptoc</Filter>
    </ClCompile>
    <ClCompile Include="libcef_dll\cpptoc\v8accessor_cpptoc.cc">
      <Filter>libcef_dll\cpptoc</Filter>
    </ClCompile>
    <ClCompile Include="libcef_dll\cpptoc\v8handler_cpptoc.cc">
      <Filter>libcef_dll\cpptoc</Filter>
    </ClCompile>
    <ClCompile Include="libcef_dll\cpptoc\web_plugin_info_visitor_cpptoc.cc">
      <Filter>libcef_dll\cpptoc</Filter>
    </ClCompile>
    <ClCompile Include="libcef_dll\cpptoc\write_handler_cpptoc.cc">
      <Filter>libcef_dll\cpptoc</Filter>
    </ClCompile>
  </ItemGroup>
</Project>